// !$*UTF8*$!
{
	archiveVersion = 1;
	classes = {
	};
	objectVersion = 46;
	objects = {

/* Begin PBXBuildFile section */
		90C659323AAEE43D0C079F76 /* libPods-JWBaseAppStructure.a in Frameworks */ = {isa = PBXBuildFile; fileRef = 0263D35E524364A4C9F48B59 /* libPods-JWBaseAppStructure.a */; };
		D4E195261D3613950037BA2D /* main.m in Sources */ = {isa = PBXBuildFile; fileRef = D4E195251D3613950037BA2D /* main.m */; };
		D4E1952F1D3613950037BA2D /* Main.storyboard in Resources */ = {isa = PBXBuildFile; fileRef = D4E1952D1D3613950037BA2D /* Main.storyboard */; };
		D4E195311D3613950037BA2D /* Assets.xcassets in Resources */ = {isa = PBXBuildFile; fileRef = D4E195301D3613950037BA2D /* Assets.xcassets */; };
		D4E195341D3613950037BA2D /* LaunchScreen.storyboard in Resources */ = {isa = PBXBuildFile; fileRef = D4E195321D3613950037BA2D /* LaunchScreen.storyboard */; };
		D4E1953F1D3613950037BA2D /* JWBaseAppStructureTests.m in Sources */ = {isa = PBXBuildFile; fileRef = D4E1953E1D3613950037BA2D /* JWBaseAppStructureTests.m */; };
		D4E1954A1D3613950037BA2D /* JWBaseAppStructureUITests.m in Sources */ = {isa = PBXBuildFile; fileRef = D4E195491D3613950037BA2D /* JWBaseAppStructureUITests.m */; };
		D4E1955E1D36144C0037BA2D /* AppDelegate.m in Sources */ = {isa = PBXBuildFile; fileRef = D4E195591D36144C0037BA2D /* AppDelegate.m */; };
		D4E1955F1D36144C0037BA2D /* ATAppInteractor.m in Sources */ = {isa = PBXBuildFile; fileRef = D4E1955B1D36144C0037BA2D /* ATAppInteractor.m */; };
		D4E195601D36144C0037BA2D /* ViewController.m in Sources */ = {isa = PBXBuildFile; fileRef = D4E1955D1D36144C0037BA2D /* ViewController.m */; };
		D4E195731D3614670037BA2D /* ATAppConfig.m in Sources */ = {isa = PBXBuildFile; fileRef = D4E195641D3614670037BA2D /* ATAppConfig.m */; };
		D4E195741D3614670037BA2D /* ATDAOFactory.m in Sources */ = {isa = PBXBuildFile; fileRef = D4E1956C1D3614670037BA2D /* ATDAOFactory.m */; };
		D4E195751D3614670037BA2D /* ATServiceFactory.m in Sources */ = {isa = PBXBuildFile; fileRef = D4E1956F1D3614670037BA2D /* ATServiceFactory.m */; };
		D4E195761D3614670037BA2D /* ATCurrentUserService.m in Sources */ = {isa = PBXBuildFile; fileRef = D4E195721D3614670037BA2D /* ATCurrentUserService.m */; };
		D4E195991D36147F0037BA2D /* ATTableViewAdapter.m in Sources */ = {isa = PBXBuildFile; fileRef = D4E1957B1D36147F0037BA2D /* ATTableViewAdapter.m */; };
		D4E1959A1D36147F0037BA2D /* ATModuleInteractor.m in Sources */ = {isa = PBXBuildFile; fileRef = D4E1957E1D36147F0037BA2D /* ATModuleInteractor.m */; };
		D4E1959B1D36147F0037BA2D /* ATBaseNavigationViewController.m in Sources */ = {isa = PBXBuildFile; fileRef = D4E195811D36147F0037BA2D /* ATBaseNavigationViewController.m */; };
		D4E1959C1D36147F0037BA2D /* ATBaseViewController.m in Sources */ = {isa = PBXBuildFile; fileRef = D4E195831D36147F0037BA2D /* ATBaseViewController.m */; };
		D4E1959D1D36147F0037BA2D /* ATLandscapeNavigationViewController.m in Sources */ = {isa = PBXBuildFile; fileRef = D4E195851D36147F0037BA2D /* ATLandscapeNavigationViewController.m */; };
		D4E1959E1D36147F0037BA2D /* BSLoginViewController.m in Sources */ = {isa = PBXBuildFile; fileRef = D4E195891D36147F0037BA2D /* BSLoginViewController.m */; };
		D4E1959F1D36147F0037BA2D /* BSMainViewController.m in Sources */ = {isa = PBXBuildFile; fileRef = D4E1958D1D36147F0037BA2D /* BSMainViewController.m */; };
		D4E195A01D36147F0037BA2D /* ATTableView.m in Sources */ = {isa = PBXBuildFile; fileRef = D4E195901D36147F0037BA2D /* ATTableView.m */; };
		D4E195A11D36147F0037BA2D /* ATTestAdapter.m in Sources */ = {isa = PBXBuildFile; fileRef = D4E195921D36147F0037BA2D /* ATTestAdapter.m */; };
		D4E195A21D36147F0037BA2D /* ATTestModel.m in Sources */ = {isa = PBXBuildFile; fileRef = D4E195941D36147F0037BA2D /* ATTestModel.m */; };
		D4E195A31D36147F0037BA2D /* ATTestSecondView.m in Sources */ = {isa = PBXBuildFile; fileRef = D4E195961D36147F0037BA2D /* ATTestSecondView.m */; };
		D4E195A41D36147F0037BA2D /* ATTestViewController.m in Sources */ = {isa = PBXBuildFile; fileRef = D4E195981D36147F0037BA2D /* ATTestViewController.m */; };
		D4E195BC1D3614860037BA2D /* UIColor+Hex.m in Sources */ = {isa = PBXBuildFile; fileRef = D4E195A81D3614860037BA2D /* UIColor+Hex.m */; };
		D4E195BD1D3614860037BA2D /* UIFont+EX.m in Sources */ = {isa = PBXBuildFile; fileRef = D4E195AA1D3614860037BA2D /* UIFont+EX.m */; };
		D4E195BE1D3614860037BA2D /* UIImage+EX.m in Sources */ = {isa = PBXBuildFile; fileRef = D4E195AC1D3614860037BA2D /* UIImage+EX.m */; };
		D4E195BF1D3614860037BA2D /* UIViewController+Loading.m in Sources */ = {isa = PBXBuildFile; fileRef = D4E195AE1D3614860037BA2D /* UIViewController+Loading.m */; };
		D4E195C01D3614860037BA2D /* UIViewController+ModalPresent.m in Sources */ = {isa = PBXBuildFile; fileRef = D4E195B01D3614860037BA2D /* UIViewController+ModalPresent.m */; };
		D4E195C11D3614860037BA2D /* ATHTTPBaseRequest.m in Sources */ = {isa = PBXBuildFile; fileRef = D4E195B41D3614860037BA2D /* ATHTTPBaseRequest.m */; };
		D4E195C21D3614860037BA2D /* ATAPNUtility.m in Sources */ = {isa = PBXBuildFile; fileRef = D4E195B71D3614860037BA2D /* ATAPNUtility.m */; };
		D4E195C31D3614860037BA2D /* ATLog.m in Sources */ = {isa = PBXBuildFile; fileRef = D4E195B91D3614860037BA2D /* ATLog.m */; };
		D4E195C41D3614860037BA2D /* TTLoadingView.m in Sources */ = {isa = PBXBuildFile; fileRef = D4E195BB1D3614860037BA2D /* TTLoadingView.m */; };
/* End PBXBuildFile section */

/* Begin PBXContainerItemProxy section */
		D4E1953B1D3613950037BA2D /* PBXContainerItemProxy */ = {
			isa = PBXContainerItemProxy;
			containerPortal = D4E195191D3613950037BA2D /* Project object */;
			proxyType = 1;
			remoteGlobalIDString = D4E195201D3613950037BA2D;
			remoteInfo = JWBaseAppStructure;
		};
		D4E195461D3613950037BA2D /* PBXContainerItemProxy */ = {
			isa = PBXContainerItemProxy;
			containerPortal = D4E195191D3613950037BA2D /* Project object */;
			proxyType = 1;
			remoteGlobalIDString = D4E195201D3613950037BA2D;
			remoteInfo = JWBaseAppStructure;
		};
/* End PBXContainerItemProxy section */

/* Begin PBXFileReference section */
		0263D35E524364A4C9F48B59 /* libPods-JWBaseAppStructure.a */ = {isa = PBXFileReference; explicitFileType = archive.ar; includeInIndex = 0; path = "libPods-JWBaseAppStructure.a"; sourceTree = BUILT_PRODUCTS_DIR; };
		66751C4733711613EA4DE269 /* Pods-JWBaseAppStructure.debug.xcconfig */ = {isa = PBXFileReference; includeInIndex = 1; lastKnownFileType = text.xcconfig; name = "Pods-JWBaseAppStructure.debug.xcconfig"; path = "Pods/Target Support Files/Pods-JWBaseAppStructure/Pods-JWBaseAppStructure.debug.xcconfig"; sourceTree = "<group>"; };
		D4E195211D3613950037BA2D /* JWBaseAppStructure.app */ = {isa = PBXFileReference; explicitFileType = wrapper.application; includeInIndex = 0; path = JWBaseAppStructure.app; sourceTree = BUILT_PRODUCTS_DIR; };
		D4E195251D3613950037BA2D /* main.m */ = {isa = PBXFileReference; lastKnownFileType = sourcecode.c.objc; path = main.m; sourceTree = "<group>"; };
		D4E1952E1D3613950037BA2D /* Base */ = {isa = PBXFileReference; lastKnownFileType = file.storyboard; name = Base; path = Base.lproj/Main.storyboard; sourceTree = "<group>"; };
		D4E195301D3613950037BA2D /* Assets.xcassets */ = {isa = PBXFileReference; lastKnownFileType = folder.assetcatalog; path = Assets.xcassets; sourceTree = "<group>"; };
		D4E195331D3613950037BA2D /* Base */ = {isa = PBXFileReference; lastKnownFileType = file.storyboard; name = Base; path = Base.lproj/LaunchScreen.storyboard; sourceTree = "<group>"; };
		D4E195351D3613950037BA2D /* Info.plist */ = {isa = PBXFileReference; lastKnownFileType = text.plist.xml; path = Info.plist; sourceTree = "<group>"; };
		D4E1953A1D3613950037BA2D /* JWBaseAppStructureTests.xctest */ = {isa = PBXFileReference; explicitFileType = wrapper.cfbundle; includeInIndex = 0; path = JWBaseAppStructureTests.xctest; sourceTree = BUILT_PRODUCTS_DIR; };
		D4E1953E1D3613950037BA2D /* JWBaseAppStructureTests.m */ = {isa = PBXFileReference; lastKnownFileType = sourcecode.c.objc; path = JWBaseAppStructureTests.m; sourceTree = "<group>"; };
		D4E195401D3613950037BA2D /* Info.plist */ = {isa = PBXFileReference; lastKnownFileType = text.plist.xml; path = Info.plist; sourceTree = "<group>"; };
		D4E195451D3613950037BA2D /* JWBaseAppStructureUITests.xctest */ = {isa = PBXFileReference; explicitFileType = wrapper.cfbundle; includeInIndex = 0; path = JWBaseAppStructureUITests.xctest; sourceTree = BUILT_PRODUCTS_DIR; };
		D4E195491D3613950037BA2D /* JWBaseAppStructureUITests.m */ = {isa = PBXFileReference; lastKnownFileType = sourcecode.c.objc; path = JWBaseAppStructureUITests.m; sourceTree = "<group>"; };
		D4E1954B1D3613950037BA2D /* Info.plist */ = {isa = PBXFileReference; lastKnownFileType = text.plist.xml; path = Info.plist; sourceTree = "<group>"; };
		D4E195581D36144C0037BA2D /* AppDelegate.h */ = {isa = PBXFileReference; fileEncoding = 4; lastKnownFileType = sourcecode.c.h; path = AppDelegate.h; sourceTree = "<group>"; };
		D4E195591D36144C0037BA2D /* AppDelegate.m */ = {isa = PBXFileReference; fileEncoding = 4; lastKnownFileType = sourcecode.c.objc; path = AppDelegate.m; sourceTree = "<group>"; };
		D4E1955A1D36144C0037BA2D /* ATAppInteractor.h */ = {isa = PBXFileReference; fileEncoding = 4; lastKnownFileType = sourcecode.c.h; path = ATAppInteractor.h; sourceTree = "<group>"; };
		D4E1955B1D36144C0037BA2D /* ATAppInteractor.m */ = {isa = PBXFileReference; fileEncoding = 4; lastKnownFileType = sourcecode.c.objc; path = ATAppInteractor.m; sourceTree = "<group>"; };
		D4E1955C1D36144C0037BA2D /* ViewController.h */ = {isa = PBXFileReference; fileEncoding = 4; lastKnownFileType = sourcecode.c.h; path = ViewController.h; sourceTree = "<group>"; };
		D4E1955D1D36144C0037BA2D /* ViewController.m */ = {isa = PBXFileReference; fileEncoding = 4; lastKnownFileType = sourcecode.c.objc; path = ViewController.m; sourceTree = "<group>"; };
		D4E195631D3614670037BA2D /* ATAppConfig.h */ = {isa = PBXFileReference; fileEncoding = 4; lastKnownFileType = sourcecode.c.h; path = ATAppConfig.h; sourceTree = "<group>"; };
		D4E195641D3614670037BA2D /* ATAppConfig.m */ = {isa = PBXFileReference; fileEncoding = 4; lastKnownFileType = sourcecode.c.objc; path = ATAppConfig.m; sourceTree = "<group>"; };
		D4E195651D3614670037BA2D /* ATDeviceMacro.h */ = {isa = PBXFileReference; fileEncoding = 4; lastKnownFileType = sourcecode.c.h; path = ATDeviceMacro.h; sourceTree = "<group>"; };
		D4E195661D3614670037BA2D /* ATSharedConfig.h */ = {isa = PBXFileReference; fileEncoding = 4; lastKnownFileType = sourcecode.c.h; path = ATSharedConfig.h; sourceTree = "<group>"; };
		D4E195671D3614670037BA2D /* ATUIConfig.h */ = {isa = PBXFileReference; fileEncoding = 4; lastKnownFileType = sourcecode.c.h; path = ATUIConfig.h; sourceTree = "<group>"; };
		D4E195681D3614670037BA2D /* ATURLConfig.h */ = {isa = PBXFileReference; fileEncoding = 4; lastKnownFileType = sourcecode.c.h; path = ATURLConfig.h; sourceTree = "<group>"; };
		D4E1956B1D3614670037BA2D /* ATDAOFactory.h */ = {isa = PBXFileReference; fileEncoding = 4; lastKnownFileType = sourcecode.c.h; path = ATDAOFactory.h; sourceTree = "<group>"; };
		D4E1956C1D3614670037BA2D /* ATDAOFactory.m */ = {isa = PBXFileReference; fileEncoding = 4; lastKnownFileType = sourcecode.c.objc; path = ATDAOFactory.m; sourceTree = "<group>"; };
		D4E1956E1D3614670037BA2D /* ATServiceFactory.h */ = {isa = PBXFileReference; fileEncoding = 4; lastKnownFileType = sourcecode.c.h; path = ATServiceFactory.h; sourceTree = "<group>"; };
		D4E1956F1D3614670037BA2D /* ATServiceFactory.m */ = {isa = PBXFileReference; fileEncoding = 4; lastKnownFileType = sourcecode.c.objc; path = ATServiceFactory.m; sourceTree = "<group>"; };
		D4E195711D3614670037BA2D /* ATCurrentUserService.h */ = {isa = PBXFileReference; fileEncoding = 4; lastKnownFileType = sourcecode.c.h; path = ATCurrentUserService.h; sourceTree = "<group>"; };
		D4E195721D3614670037BA2D /* ATCurrentUserService.m */ = {isa = PBXFileReference; fileEncoding = 4; lastKnownFileType = sourcecode.c.objc; path = ATCurrentUserService.m; sourceTree = "<group>"; };
		D4E1957A1D36147F0037BA2D /* ATTableViewAdapter.h */ = {isa = PBXFileReference; fileEncoding = 4; lastKnownFileType = sourcecode.c.h; path = ATTableViewAdapter.h; sourceTree = "<group>"; };
		D4E1957B1D36147F0037BA2D /* ATTableViewAdapter.m */ = {isa = PBXFileReference; fileEncoding = 4; lastKnownFileType = sourcecode.c.objc; path = ATTableViewAdapter.m; sourceTree = "<group>"; };
		D4E1957D1D36147F0037BA2D /* ATModuleInteractor.h */ = {isa = PBXFileReference; fileEncoding = 4; lastKnownFileType = sourcecode.c.h; path = ATModuleInteractor.h; sourceTree = "<group>"; };
		D4E1957E1D36147F0037BA2D /* ATModuleInteractor.m */ = {isa = PBXFileReference; fileEncoding = 4; lastKnownFileType = sourcecode.c.objc; path = ATModuleInteractor.m; sourceTree = "<group>"; };
		D4E195801D36147F0037BA2D /* ATBaseNavigationViewController.h */ = {isa = PBXFileReference; fileEncoding = 4; lastKnownFileType = sourcecode.c.h; path = ATBaseNavigationViewController.h; sourceTree = "<group>"; };
		D4E195811D36147F0037BA2D /* ATBaseNavigationViewController.m */ = {isa = PBXFileReference; fileEncoding = 4; lastKnownFileType = sourcecode.c.objc; path = ATBaseNavigationViewController.m; sourceTree = "<group>"; };
		D4E195821D36147F0037BA2D /* ATBaseViewController.h */ = {isa = PBXFileReference; fileEncoding = 4; lastKnownFileType = sourcecode.c.h; path = ATBaseViewController.h; sourceTree = "<group>"; };
		D4E195831D36147F0037BA2D /* ATBaseViewController.m */ = {isa = PBXFileReference; fileEncoding = 4; lastKnownFileType = sourcecode.c.objc; path = ATBaseViewController.m; sourceTree = "<group>"; };
		D4E195841D36147F0037BA2D /* ATLandscapeNavigationViewController.h */ = {isa = PBXFileReference; fileEncoding = 4; lastKnownFileType = sourcecode.c.h; path = ATLandscapeNavigationViewController.h; sourceTree = "<group>"; };
		D4E195851D36147F0037BA2D /* ATLandscapeNavigationViewController.m */ = {isa = PBXFileReference; fileEncoding = 4; lastKnownFileType = sourcecode.c.objc; path = ATLandscapeNavigationViewController.m; sourceTree = "<group>"; };
		D4E195881D36147F0037BA2D /* BSLoginViewController.h */ = {isa = PBXFileReference; fileEncoding = 4; lastKnownFileType = sourcecode.c.h; path = BSLoginViewController.h; sourceTree = "<group>"; };
		D4E195891D36147F0037BA2D /* BSLoginViewController.m */ = {isa = PBXFileReference; fileEncoding = 4; lastKnownFileType = sourcecode.c.objc; path = BSLoginViewController.m; sourceTree = "<group>"; };
		D4E1958C1D36147F0037BA2D /* BSMainViewController.h */ = {isa = PBXFileReference; fileEncoding = 4; lastKnownFileType = sourcecode.c.h; path = BSMainViewController.h; sourceTree = "<group>"; };
		D4E1958D1D36147F0037BA2D /* BSMainViewController.m */ = {isa = PBXFileReference; fileEncoding = 4; lastKnownFileType = sourcecode.c.objc; path = BSMainViewController.m; sourceTree = "<group>"; };
		D4E1958F1D36147F0037BA2D /* ATTableView.h */ = {isa = PBXFileReference; fileEncoding = 4; lastKnownFileType = sourcecode.c.h; path = ATTableView.h; sourceTree = "<group>"; };
		D4E195901D36147F0037BA2D /* ATTableView.m */ = {isa = PBXFileReference; fileEncoding = 4; lastKnownFileType = sourcecode.c.objc; path = ATTableView.m; sourceTree = "<group>"; };
		D4E195911D36147F0037BA2D /* ATTestAdapter.h */ = {isa = PBXFileReference; fileEncoding = 4; lastKnownFileType = sourcecode.c.h; path = ATTestAdapter.h; sourceTree = "<group>"; };
		D4E195921D36147F0037BA2D /* ATTestAdapter.m */ = {isa = PBXFileReference; fileEncoding = 4; lastKnownFileType = sourcecode.c.objc; path = ATTestAdapter.m; sourceTree = "<group>"; };
		D4E195931D36147F0037BA2D /* ATTestModel.h */ = {isa = PBXFileReference; fileEncoding = 4; lastKnownFileType = sourcecode.c.h; path = ATTestModel.h; sourceTree = "<group>"; };
		D4E195941D36147F0037BA2D /* ATTestModel.m */ = {isa = PBXFileReference; fileEncoding = 4; lastKnownFileType = sourcecode.c.objc; path = ATTestModel.m; sourceTree = "<group>"; };
		D4E195951D36147F0037BA2D /* ATTestSecondView.h */ = {isa = PBXFileReference; fileEncoding = 4; lastKnownFileType = sourcecode.c.h; path = ATTestSecondView.h; sourceTree = "<group>"; };
		D4E195961D36147F0037BA2D /* ATTestSecondView.m */ = {isa = PBXFileReference; fileEncoding = 4; lastKnownFileType = sourcecode.c.objc; path = ATTestSecondView.m; sourceTree = "<group>"; };
		D4E195971D36147F0037BA2D /* ATTestViewController.h */ = {isa = PBXFileReference; fileEncoding = 4; lastKnownFileType = sourcecode.c.h; path = ATTestViewController.h; sourceTree = "<group>"; };
		D4E195981D36147F0037BA2D /* ATTestViewController.m */ = {isa = PBXFileReference; fileEncoding = 4; lastKnownFileType = sourcecode.c.objc; path = ATTestViewController.m; sourceTree = "<group>"; };
		D4E195A71D3614860037BA2D /* UIColor+Hex.h */ = {isa = PBXFileReference; fileEncoding = 4; lastKnownFileType = sourcecode.c.h; path = "UIColor+Hex.h"; sourceTree = "<group>"; };
		D4E195A81D3614860037BA2D /* UIColor+Hex.m */ = {isa = PBXFileReference; fileEncoding = 4; lastKnownFileType = sourcecode.c.objc; path = "UIColor+Hex.m"; sourceTree = "<group>"; };
		D4E195A91D3614860037BA2D /* UIFont+EX.h */ = {isa = PBXFileReference; fileEncoding = 4; lastKnownFileType = sourcecode.c.h; path = "UIFont+EX.h"; sourceTree = "<group>"; };
		D4E195AA1D3614860037BA2D /* UIFont+EX.m */ = {isa = PBXFileReference; fileEncoding = 4; lastKnownFileType = sourcecode.c.objc; path = "UIFont+EX.m"; sourceTree = "<group>"; };
		D4E195AB1D3614860037BA2D /* UIImage+EX.h */ = {isa = PBXFileReference; fileEncoding = 4; lastKnownFileType = sourcecode.c.h; path = "UIImage+EX.h"; sourceTree = "<group>"; };
		D4E195AC1D3614860037BA2D /* UIImage+EX.m */ = {isa = PBXFileReference; fileEncoding = 4; lastKnownFileType = sourcecode.c.objc; path = "UIImage+EX.m"; sourceTree = "<group>"; };
		D4E195AD1D3614860037BA2D /* UIViewController+Loading.h */ = {isa = PBXFileReference; fileEncoding = 4; lastKnownFileType = sourcecode.c.h; path = "UIViewController+Loading.h"; sourceTree = "<group>"; };
		D4E195AE1D3614860037BA2D /* UIViewController+Loading.m */ = {isa = PBXFileReference; fileEncoding = 4; lastKnownFileType = sourcecode.c.objc; path = "UIViewController+Loading.m"; sourceTree = "<group>"; };
		D4E195AF1D3614860037BA2D /* UIViewController+ModalPresent.h */ = {isa = PBXFileReference; fileEncoding = 4; lastKnownFileType = sourcecode.c.h; path = "UIViewController+ModalPresent.h"; sourceTree = "<group>"; };
		D4E195B01D3614860037BA2D /* UIViewController+ModalPresent.m */ = {isa = PBXFileReference; fileEncoding = 4; lastKnownFileType = sourcecode.c.objc; path = "UIViewController+ModalPresent.m"; sourceTree = "<group>"; };
		D4E195B31D3614860037BA2D /* ATHTTPBaseRequest.h */ = {isa = PBXFileReference; fileEncoding = 4; lastKnownFileType = sourcecode.c.h; path = ATHTTPBaseRequest.h; sourceTree = "<group>"; };
		D4E195B41D3614860037BA2D /* ATHTTPBaseRequest.m */ = {isa = PBXFileReference; fileEncoding = 4; lastKnownFileType = sourcecode.c.objc; path = ATHTTPBaseRequest.m; sourceTree = "<group>"; };
		D4E195B61D3614860037BA2D /* ATAPNUtility.h */ = {isa = PBXFileReference; fileEncoding = 4; lastKnownFileType = sourcecode.c.h; path = ATAPNUtility.h; sourceTree = "<group>"; };
		D4E195B71D3614860037BA2D /* ATAPNUtility.m */ = {isa = PBXFileReference; fileEncoding = 4; lastKnownFileType = sourcecode.c.objc; path = ATAPNUtility.m; sourceTree = "<group>"; };
		D4E195B81D3614860037BA2D /* ATLog.h */ = {isa = PBXFileReference; fileEncoding = 4; lastKnownFileType = sourcecode.c.h; path = ATLog.h; sourceTree = "<group>"; };
		D4E195B91D3614860037BA2D /* ATLog.m */ = {isa = PBXFileReference; fileEncoding = 4; lastKnownFileType = sourcecode.c.objc; path = ATLog.m; sourceTree = "<group>"; };
		D4E195BA1D3614860037BA2D /* TTLoadingView.h */ = {isa = PBXFileReference; fileEncoding = 4; lastKnownFileType = sourcecode.c.h; path = TTLoadingView.h; sourceTree = "<group>"; };
		D4E195BB1D3614860037BA2D /* TTLoadingView.m */ = {isa = PBXFileReference; fileEncoding = 4; lastKnownFileType = sourcecode.c.objc; path = TTLoadingView.m; sourceTree = "<group>"; };
		EEC8C35E241BF206E48B7508 /* Pods-JWBaseAppStructure.release.xcconfig */ = {isa = PBXFileReference; includeInIndex = 1; lastKnownFileType = text.xcconfig; name = "Pods-JWBaseAppStructure.release.xcconfig"; path = "Pods/Target Support Files/Pods-JWBaseAppStructure/Pods-JWBaseAppStructure.release.xcconfig"; sourceTree = "<group>"; };
/* End PBXFileReference section */

/* Begin PBXFrameworksBuildPhase section */
		D4E1951E1D3613950037BA2D /* Frameworks */ = {
			isa = PBXFrameworksBuildPhase;
			buildActionMask = 2147483647;
			files = (
				90C659323AAEE43D0C079F76 /* libPods-JWBaseAppStructure.a in Frameworks */,
			);
			runOnlyForDeploymentPostprocessing = 0;
		};
		D4E195371D3613950037BA2D /* Frameworks */ = {
			isa = PBXFrameworksBuildPhase;
			buildActionMask = 2147483647;
			files = (
			);
			runOnlyForDeploymentPostprocessing = 0;
		};
		D4E195421D3613950037BA2D /* Frameworks */ = {
			isa = PBXFrameworksBuildPhase;
			buildActionMask = 2147483647;
			files = (
			);
			runOnlyForDeploymentPostprocessing = 0;
		};
/* End PBXFrameworksBuildPhase section */

/* Begin PBXGroup section */
		18D9AEE3D7AA59BDA5A8073B /* Pods */ = {
			isa = PBXGroup;
			children = (
				66751C4733711613EA4DE269 /* Pods-JWBaseAppStructure.debug.xcconfig */,
				EEC8C35E241BF206E48B7508 /* Pods-JWBaseAppStructure.release.xcconfig */,
			);
			name = Pods;
			sourceTree = "<group>";
		};
		51878A0300D260ABAA470420 /* Frameworks */ = {
			isa = PBXGroup;
			children = (
				0263D35E524364A4C9F48B59 /* libPods-JWBaseAppStructure.a */,
			);
			name = Frameworks;
			sourceTree = "<group>";
		};
		D4E195181D3613950037BA2D = {
			isa = PBXGroup;
			children = (
				D4E195231D3613950037BA2D /* JWBaseAppStructure */,
				D4E1953D1D3613950037BA2D /* JWBaseAppStructureTests */,
				D4E195481D3613950037BA2D /* JWBaseAppStructureUITests */,
				D4E195221D3613950037BA2D /* Products */,
				18D9AEE3D7AA59BDA5A8073B /* Pods */,
				51878A0300D260ABAA470420 /* Frameworks */,
			);
			sourceTree = "<group>";
		};
		D4E195221D3613950037BA2D /* Products */ = {
			isa = PBXGroup;
			children = (
				D4E195211D3613950037BA2D /* JWBaseAppStructure.app */,
				D4E1953A1D3613950037BA2D /* JWBaseAppStructureTests.xctest */,
				D4E195451D3613950037BA2D /* JWBaseAppStructureUITests.xctest */,
			);
			name = Products;
			sourceTree = "<group>";
		};
		D4E195231D3613950037BA2D /* JWBaseAppStructure */ = {
			isa = PBXGroup;
			children = (
				D4E195A51D3614860037BA2D /* Legacy */,
				D4E195771D36147F0037BA2D /* Feature */,
				D4E195611D3614670037BA2D /* Common */,
				D4E195571D36144C0037BA2D /* AppDelegate */,
				D4E1952D1D3613950037BA2D /* Main.storyboard */,
				D4E195301D3613950037BA2D /* Assets.xcassets */,
				D4E195321D3613950037BA2D /* LaunchScreen.storyboard */,
				D4E195351D3613950037BA2D /* Info.plist */,
				D4E195241D3613950037BA2D /* Supporting Files */,
			);
			path = JWBaseAppStructure;
			sourceTree = "<group>";
		};
		D4E195241D3613950037BA2D /* Supporting Files */ = {
			isa = PBXGroup;
			children = (
				D4E195251D3613950037BA2D /* main.m */,
			);
			name = "Supporting Files";
			sourceTree = "<group>";
		};
		D4E1953D1D3613950037BA2D /* JWBaseAppStructureTests */ = {
			isa = PBXGroup;
			children = (
				D4E1953E1D3613950037BA2D /* JWBaseAppStructureTests.m */,
				D4E195401D3613950037BA2D /* Info.plist */,
			);
			path = JWBaseAppStructureTests;
			sourceTree = "<group>";
		};
		D4E195481D3613950037BA2D /* JWBaseAppStructureUITests */ = {
			isa = PBXGroup;
			children = (
				D4E195491D3613950037BA2D /* JWBaseAppStructureUITests.m */,
				D4E1954B1D3613950037BA2D /* Info.plist */,
			);
			path = JWBaseAppStructureUITests;
			sourceTree = "<group>";
		};
		D4E195571D36144C0037BA2D /* AppDelegate */ = {
			isa = PBXGroup;
			children = (
				D4E195581D36144C0037BA2D /* AppDelegate.h */,
				D4E195591D36144C0037BA2D /* AppDelegate.m */,
				D4E1955A1D36144C0037BA2D /* ATAppInteractor.h */,
				D4E1955B1D36144C0037BA2D /* ATAppInteractor.m */,
				D4E1955C1D36144C0037BA2D /* ViewController.h */,
				D4E1955D1D36144C0037BA2D /* ViewController.m */,
			);
			path = AppDelegate;
			sourceTree = "<group>";
		};
		D4E195611D3614670037BA2D /* Common */ = {
			isa = PBXGroup;
			children = (
				D4E195621D3614670037BA2D /* AppConfig */,
				D4E195691D3614670037BA2D /* LogicServices */,
			);
			path = Common;
			sourceTree = "<group>";
		};
		D4E195621D3614670037BA2D /* AppConfig */ = {
			isa = PBXGroup;
			children = (
				D4E195631D3614670037BA2D /* ATAppConfig.h */,
				D4E195641D3614670037BA2D /* ATAppConfig.m */,
				D4E195651D3614670037BA2D /* ATDeviceMacro.h */,
				D4E195661D3614670037BA2D /* ATSharedConfig.h */,
				D4E195671D3614670037BA2D /* ATUIConfig.h */,
				D4E195681D3614670037BA2D /* ATURLConfig.h */,
			);
			path = AppConfig;
			sourceTree = "<group>";
		};
		D4E195691D3614670037BA2D /* LogicServices */ = {
			isa = PBXGroup;
			children = (
				D4E1956A1D3614670037BA2D /* DAO */,
				D4E1956D1D3614670037BA2D /* Service */,
			);
			path = LogicServices;
			sourceTree = "<group>";
		};
		D4E1956A1D3614670037BA2D /* DAO */ = {
			isa = PBXGroup;
			children = (
				D4E1956B1D3614670037BA2D /* ATDAOFactory.h */,
				D4E1956C1D3614670037BA2D /* ATDAOFactory.m */,
			);
			path = DAO;
			sourceTree = "<group>";
		};
		D4E1956D1D3614670037BA2D /* Service */ = {
			isa = PBXGroup;
			children = (
				D4E1956E1D3614670037BA2D /* ATServiceFactory.h */,
				D4E1956F1D3614670037BA2D /* ATServiceFactory.m */,
				D4E195701D3614670037BA2D /* CurrentUserService */,
			);
			path = Service;
			sourceTree = "<group>";
		};
		D4E195701D3614670037BA2D /* CurrentUserService */ = {
			isa = PBXGroup;
			children = (
				D4E195711D3614670037BA2D /* ATCurrentUserService.h */,
				D4E195721D3614670037BA2D /* ATCurrentUserService.m */,
			);
			path = CurrentUserService;
			sourceTree = "<group>";
		};
		D4E195771D36147F0037BA2D /* Feature */ = {
			isa = PBXGroup;
			children = (
				D4E195781D36147F0037BA2D /* BaseClass */,
				D4E195861D36147F0037BA2D /* LoginClass */,
				D4E1958A1D36147F0037BA2D /* MainClass */,
				D4E1958E1D36147F0037BA2D /* TestClass */,
			);
			path = Feature;
			sourceTree = "<group>";
		};
		D4E195781D36147F0037BA2D /* BaseClass */ = {
			isa = PBXGroup;
			children = (
				D4E195791D36147F0037BA2D /* Adapter */,
				D4E1957C1D36147F0037BA2D /* Interactor */,
				D4E1957F1D36147F0037BA2D /* ViewController */,
			);
			path = BaseClass;
			sourceTree = "<group>";
		};
		D4E195791D36147F0037BA2D /* Adapter */ = {
			isa = PBXGroup;
			children = (
				D4E1957A1D36147F0037BA2D /* ATTableViewAdapter.h */,
				D4E1957B1D36147F0037BA2D /* ATTableViewAdapter.m */,
			);
			path = Adapter;
			sourceTree = "<group>";
		};
		D4E1957C1D36147F0037BA2D /* Interactor */ = {
			isa = PBXGroup;
			children = (
				D4E1957D1D36147F0037BA2D /* ATModuleInteractor.h */,
				D4E1957E1D36147F0037BA2D /* ATModuleInteractor.m */,
			);
			path = Interactor;
			sourceTree = "<group>";
		};
		D4E1957F1D36147F0037BA2D /* ViewController */ = {
			isa = PBXGroup;
			children = (
				D4E195801D36147F0037BA2D /* ATBaseNavigationViewController.h */,
				D4E195811D36147F0037BA2D /* ATBaseNavigationViewController.m */,
				D4E195821D36147F0037BA2D /* ATBaseViewController.h */,
				D4E195831D36147F0037BA2D /* ATBaseViewController.m */,
				D4E195841D36147F0037BA2D /* ATLandscapeNavigationViewController.h */,
				D4E195851D36147F0037BA2D /* ATLandscapeNavigationViewController.m */,
			);
			path = ViewController;
			sourceTree = "<group>";
		};
		D4E195861D36147F0037BA2D /* LoginClass */ = {
			isa = PBXGroup;
			children = (
				D4E195871D36147F0037BA2D /* ViewController */,
			);
			path = LoginClass;
			sourceTree = "<group>";
		};
		D4E195871D36147F0037BA2D /* ViewController */ = {
			isa = PBXGroup;
			children = (
				D4E195881D36147F0037BA2D /* BSLoginViewController.h */,
				D4E195891D36147F0037BA2D /* BSLoginViewController.m */,
			);
			path = ViewController;
			sourceTree = "<group>";
		};
		D4E1958A1D36147F0037BA2D /* MainClass */ = {
			isa = PBXGroup;
			children = (
				D4E1958B1D36147F0037BA2D /* ViewController */,
			);
			path = MainClass;
			sourceTree = "<group>";
		};
		D4E1958B1D36147F0037BA2D /* ViewController */ = {
			isa = PBXGroup;
			children = (
				D4E1958C1D36147F0037BA2D /* BSMainViewController.h */,
				D4E1958D1D36147F0037BA2D /* BSMainViewController.m */,
			);
			path = ViewController;
			sourceTree = "<group>";
		};
		D4E1958E1D36147F0037BA2D /* TestClass */ = {
			isa = PBXGroup;
			children = (
				D4E1958F1D36147F0037BA2D /* ATTableView.h */,
				D4E195901D36147F0037BA2D /* ATTableView.m */,
				D4E195911D36147F0037BA2D /* ATTestAdapter.h */,
				D4E195921D36147F0037BA2D /* ATTestAdapter.m */,
				D4E195931D36147F0037BA2D /* ATTestModel.h */,
				D4E195941D36147F0037BA2D /* ATTestModel.m */,
				D4E195951D36147F0037BA2D /* ATTestSecondView.h */,
				D4E195961D36147F0037BA2D /* ATTestSecondView.m */,
				D4E195971D36147F0037BA2D /* ATTestViewController.h */,
				D4E195981D36147F0037BA2D /* ATTestViewController.m */,
			);
			path = TestClass;
			sourceTree = "<group>";
		};
		D4E195A51D3614860037BA2D /* Legacy */ = {
			isa = PBXGroup;
			children = (
				D4E195A61D3614860037BA2D /* Category */,
				D4E195B11D3614860037BA2D /* Networking */,
				D4E195B51D3614860037BA2D /* Utility */,
			);
			path = Legacy;
			sourceTree = "<group>";
		};
		D4E195A61D3614860037BA2D /* Category */ = {
			isa = PBXGroup;
			children = (
				D4E195A71D3614860037BA2D /* UIColor+Hex.h */,
				D4E195A81D3614860037BA2D /* UIColor+Hex.m */,
				D4E195A91D3614860037BA2D /* UIFont+EX.h */,
				D4E195AA1D3614860037BA2D /* UIFont+EX.m */,
				D4E195AB1D3614860037BA2D /* UIImage+EX.h */,
				D4E195AC1D3614860037BA2D /* UIImage+EX.m */,
				D4E195AD1D3614860037BA2D /* UIViewController+Loading.h */,
				D4E195AE1D3614860037BA2D /* UIViewController+Loading.m */,
				D4E195AF1D3614860037BA2D /* UIViewController+ModalPresent.h */,
				D4E195B01D3614860037BA2D /* UIViewController+ModalPresent.m */,
			);
			path = Category;
			sourceTree = "<group>";
		};
		D4E195B11D3614860037BA2D /* Networking */ = {
			isa = PBXGroup;
			children = (
				D4E195B21D3614860037BA2D /* HTTPBaseRequest */,
			);
			path = Networking;
			sourceTree = "<group>";
		};
		D4E195B21D3614860037BA2D /* HTTPBaseRequest */ = {
			isa = PBXGroup;
			children = (
				D4E195B31D3614860037BA2D /* ATHTTPBaseRequest.h */,
				D4E195B41D3614860037BA2D /* ATHTTPBaseRequest.m */,
			);
			path = HTTPBaseRequest;
			sourceTree = "<group>";
		};
		D4E195B51D3614860037BA2D /* Utility */ = {
			isa = PBXGroup;
			children = (
				D4E195B61D3614860037BA2D /* ATAPNUtility.h */,
				D4E195B71D3614860037BA2D /* ATAPNUtility.m */,
				D4E195B81D3614860037BA2D /* ATLog.h */,
				D4E195B91D3614860037BA2D /* ATLog.m */,
				D4E195BA1D3614860037BA2D /* TTLoadingView.h */,
				D4E195BB1D3614860037BA2D /* TTLoadingView.m */,
			);
			path = Utility;
			sourceTree = "<group>";
		};
/* End PBXGroup section */

/* Begin PBXNativeTarget section */
		D4E195201D3613950037BA2D /* JWBaseAppStructure */ = {
			isa = PBXNativeTarget;
			buildConfigurationList = D4E1954E1D3613950037BA2D /* Build configuration list for PBXNativeTarget "JWBaseAppStructure" */;
			buildPhases = (
				B9E92EA1F66A60B9A7C5D558 /* Check Pods Manifest.lock */,
				D4E1951D1D3613950037BA2D /* Sources */,
				D4E1951E1D3613950037BA2D /* Frameworks */,
				D4E1951F1D3613950037BA2D /* Resources */,
				C4DCEBFB5E7D9F9B0B1FCDA0 /* Embed Pods Frameworks */,
				D9F50C71B8B1A720BBC21797 /* Copy Pods Resources */,
			);
			buildRules = (
			);
			dependencies = (
			);
			name = JWBaseAppStructure;
			productName = JWBaseAppStructure;
			productReference = D4E195211D3613950037BA2D /* JWBaseAppStructure.app */;
			productType = "com.apple.product-type.application";
		};
		D4E195391D3613950037BA2D /* JWBaseAppStructureTests */ = {
			isa = PBXNativeTarget;
			buildConfigurationList = D4E195511D3613950037BA2D /* Build configuration list for PBXNativeTarget "JWBaseAppStructureTests" */;
			buildPhases = (
				D4E195361D3613950037BA2D /* Sources */,
				D4E195371D3613950037BA2D /* Frameworks */,
				D4E195381D3613950037BA2D /* Resources */,
			);
			buildRules = (
			);
			dependencies = (
				D4E1953C1D3613950037BA2D /* PBXTargetDependency */,
			);
			name = JWBaseAppStructureTests;
			productName = JWBaseAppStructureTests;
			productReference = D4E1953A1D3613950037BA2D /* JWBaseAppStructureTests.xctest */;
			productType = "com.apple.product-type.bundle.unit-test";
		};
		D4E195441D3613950037BA2D /* JWBaseAppStructureUITests */ = {
			isa = PBXNativeTarget;
			buildConfigurationList = D4E195541D3613950037BA2D /* Build configuration list for PBXNativeTarget "JWBaseAppStructureUITests" */;
			buildPhases = (
				D4E195411D3613950037BA2D /* Sources */,
				D4E195421D3613950037BA2D /* Frameworks */,
				D4E195431D3613950037BA2D /* Resources */,
			);
			buildRules = (
			);
			dependencies = (
				D4E195471D3613950037BA2D /* PBXTargetDependency */,
			);
			name = JWBaseAppStructureUITests;
			productName = JWBaseAppStructureUITests;
			productReference = D4E195451D3613950037BA2D /* JWBaseAppStructureUITests.xctest */;
			productType = "com.apple.product-type.bundle.ui-testing";
		};
/* End PBXNativeTarget section */

/* Begin PBXProject section */
		D4E195191D3613950037BA2D /* Project object */ = {
			isa = PBXProject;
			attributes = {
				LastUpgradeCheck = 0730;
				ORGANIZATIONNAME = JasonWang;
				TargetAttributes = {
					D4E195201D3613950037BA2D = {
						CreatedOnToolsVersion = 7.3;
					};
					D4E195391D3613950037BA2D = {
						CreatedOnToolsVersion = 7.3;
						TestTargetID = D4E195201D3613950037BA2D;
					};
					D4E195441D3613950037BA2D = {
						CreatedOnToolsVersion = 7.3;
						TestTargetID = D4E195201D3613950037BA2D;
					};
				};
			};
			buildConfigurationList = D4E1951C1D3613950037BA2D /* Build configuration list for PBXProject "JWBaseAppStructure" */;
			compatibilityVersion = "Xcode 3.2";
			developmentRegion = English;
			hasScannedForEncodings = 0;
			knownRegions = (
				en,
				Base,
			);
			mainGroup = D4E195181D3613950037BA2D;
			productRefGroup = D4E195221D3613950037BA2D /* Products */;
			projectDirPath = "";
			projectRoot = "";
			targets = (
				D4E195201D3613950037BA2D /* JWBaseAppStructure */,
				D4E195391D3613950037BA2D /* JWBaseAppStructureTests */,
				D4E195441D3613950037BA2D /* JWBaseAppStructureUITests */,
			);
		};
/* End PBXProject section */

/* Begin PBXResourcesBuildPhase section */
		D4E1951F1D3613950037BA2D /* Resources */ = {
			isa = PBXResourcesBuildPhase;
			buildActionMask = 2147483647;
			files = (
				D4E195341D3613950037BA2D /* LaunchScreen.storyboard in Resources */,
				D4E195311D3613950037BA2D /* Assets.xcassets in Resources */,
				D4E1952F1D3613950037BA2D /* Main.storyboard in Resources */,
			);
			runOnlyForDeploymentPostprocessing = 0;
		};
		D4E195381D3613950037BA2D /* Resources */ = {
			isa = PBXResourcesBuildPhase;
			buildActionMask = 2147483647;
			files = (
			);
			runOnlyForDeploymentPostprocessing = 0;
		};
		D4E195431D3613950037BA2D /* Resources */ = {
			isa = PBXResourcesBuildPhase;
			buildActionMask = 2147483647;
			files = (
			);
			runOnlyForDeploymentPostprocessing = 0;
		};
/* End PBXResourcesBuildPhase section */

/* Begin PBXShellScriptBuildPhase section */
		B9E92EA1F66A60B9A7C5D558 /* Check Pods Manifest.lock */ = {
			isa = PBXShellScriptBuildPhase;
			buildActionMask = 2147483647;
			files = (
			);
			inputPaths = (
			);
			name = "Check Pods Manifest.lock";
			outputPaths = (
			);
			runOnlyForDeploymentPostprocessing = 0;
			shellPath = /bin/sh;
			shellScript = "diff \"${PODS_ROOT}/../Podfile.lock\" \"${PODS_ROOT}/Manifest.lock\" > /dev/null\nif [[ $? != 0 ]] ; then\n    cat << EOM\nerror: The sandbox is not in sync with the Podfile.lock. Run 'pod install' or update your CocoaPods installation.\nEOM\n    exit 1\nfi\n";
			showEnvVarsInLog = 0;
		};
		C4DCEBFB5E7D9F9B0B1FCDA0 /* Embed Pods Frameworks */ = {
			isa = PBXShellScriptBuildPhase;
			buildActionMask = 2147483647;
			files = (
			);
			inputPaths = (
			);
			name = "Embed Pods Frameworks";
			outputPaths = (
			);
			runOnlyForDeploymentPostprocessing = 0;
			shellPath = /bin/sh;
			shellScript = "\"${SRCROOT}/Pods/Target Support Files/Pods-JWBaseAppStructure/Pods-JWBaseAppStructure-frameworks.sh\"\n";
			showEnvVarsInLog = 0;
		};
		D9F50C71B8B1A720BBC21797 /* Copy Pods Resources */ = {
			isa = PBXShellScriptBuildPhase;
			buildActionMask = 2147483647;
			files = (
			);
			inputPaths = (
			);
			name = "Copy Pods Resources";
			outputPaths = (
			);
			runOnlyForDeploymentPostprocessing = 0;
			shellPath = /bin/sh;
			shellScript = "\"${SRCROOT}/Pods/Target Support Files/Pods-JWBaseAppStructure/Pods-JWBaseAppStructure-resources.sh\"\n";
			showEnvVarsInLog = 0;
		};
/* End PBXShellScriptBuildPhase section */

/* Begin PBXSourcesBuildPhase section */
		D4E1951D1D3613950037BA2D /* Sources */ = {
			isa = PBXSourcesBuildPhase;
			buildActionMask = 2147483647;
			files = (
				D4E195A01D36147F0037BA2D /* ATTableView.m in Sources */,
				D4E195741D3614670037BA2D /* ATDAOFactory.m in Sources */,
				D4E195A31D36147F0037BA2D /* ATTestSecondView.m in Sources */,
				D4E1959F1D36147F0037BA2D /* BSMainViewController.m in Sources */,
				D4E195BC1D3614860037BA2D /* UIColor+Hex.m in Sources */,
				D4E195C11D3614860037BA2D /* ATHTTPBaseRequest.m in Sources */,
				D4E195761D3614670037BA2D /* ATCurrentUserService.m in Sources */,
				D4E195991D36147F0037BA2D /* ATTableViewAdapter.m in Sources */,
				D4E195BD1D3614860037BA2D /* UIFont+EX.m in Sources */,
				D4E195C31D3614860037BA2D /* ATLog.m in Sources */,
				D4E195C21D3614860037BA2D /* ATAPNUtility.m in Sources */,
				D4E1959B1D36147F0037BA2D /* ATBaseNavigationViewController.m in Sources */,
				D4E1955E1D36144C0037BA2D /* AppDelegate.m in Sources */,
				D4E1959D1D36147F0037BA2D /* ATLandscapeNavigationViewController.m in Sources */,
				D4E195BF1D3614860037BA2D /* UIViewController+Loading.m in Sources */,
				D4E1955F1D36144C0037BA2D /* ATAppInteractor.m in Sources */,
				D4E1959E1D36147F0037BA2D /* BSLoginViewController.m in Sources */,
				D4E195A11D36147F0037BA2D /* ATTestAdapter.m in Sources */,
				D4E1959A1D36147F0037BA2D /* ATModuleInteractor.m in Sources */,
				D4E195A21D36147F0037BA2D /* ATTestModel.m in Sources */,
				D4E195BE1D3614860037BA2D /* UIImage+EX.m in Sources */,
				D4E195601D36144C0037BA2D /* ViewController.m in Sources */,
				D4E1959C1D36147F0037BA2D /* ATBaseViewController.m in Sources */,
				D4E195C01D3614860037BA2D /* UIViewController+ModalPresent.m in Sources */,
				D4E195731D3614670037BA2D /* ATAppConfig.m in Sources */,
				D4E195A41D36147F0037BA2D /* ATTestViewController.m in Sources */,
				D4E195C41D3614860037BA2D /* TTLoadingView.m in Sources */,
				D4E195261D3613950037BA2D /* main.m in Sources */,
				D4E195751D3614670037BA2D /* ATServiceFactory.m in Sources */,
			);
			runOnlyForDeploymentPostprocessing = 0;
		};
		D4E195361D3613950037BA2D /* Sources */ = {
			isa = PBXSourcesBuildPhase;
			buildActionMask = 2147483647;
			files = (
				D4E1953F1D3613950037BA2D /* JWBaseAppStructureTests.m in Sources */,
			);
			runOnlyForDeploymentPostprocessing = 0;
		};
		D4E195411D3613950037BA2D /* Sources */ = {
			isa = PBXSourcesBuildPhase;
			buildActionMask = 2147483647;
			files = (
				D4E1954A1D3613950037BA2D /* JWBaseAppStructureUITests.m in Sources */,
			);
			runOnlyForDeploymentPostprocessing = 0;
		};
/* End PBXSourcesBuildPhase section */

/* Begin PBXTargetDependency section */
		D4E1953C1D3613950037BA2D /* PBXTargetDependency */ = {
			isa = PBXTargetDependency;
			target = D4E195201D3613950037BA2D /* JWBaseAppStructure */;
			targetProxy = D4E1953B1D3613950037BA2D /* PBXContainerItemProxy */;
		};
		D4E195471D3613950037BA2D /* PBXTargetDependency */ = {
			isa = PBXTargetDependency;
			target = D4E195201D3613950037BA2D /* JWBaseAppStructure */;
			targetProxy = D4E195461D3613950037BA2D /* PBXContainerItemProxy */;
		};
/* End PBXTargetDependency section */

/* Begin PBXVariantGroup section */
		D4E1952D1D3613950037BA2D /* Main.storyboard */ = {
			isa = PBXVariantGroup;
			children = (
				D4E1952E1D3613950037BA2D /* Base */,
			);
			name = Main.storyboard;
			sourceTree = "<group>";
		};
		D4E195321D3613950037BA2D /* LaunchScreen.storyboard */ = {
			isa = PBXVariantGroup;
			children = (
				D4E195331D3613950037BA2D /* Base */,
			);
			name = LaunchScreen.storyboard;
			sourceTree = "<group>";
		};
/* End PBXVariantGroup section */

/* Begin XCBuildConfiguration section */
		D4E1954C1D3613950037BA2D /* Debug */ = {
			isa = XCBuildConfiguration;
			buildSettings = {
				ALWAYS_SEARCH_USER_PATHS = NO;
				CLANG_ANALYZER_NONNULL = YES;
				CLANG_CXX_LANGUAGE_STANDARD = "gnu++0x";
				CLANG_CXX_LIBRARY = "libc++";
				CLANG_ENABLE_MODULES = YES;
				CLANG_ENABLE_OBJC_ARC = YES;
				CLANG_WARN_BOOL_CONVERSION = YES;
				CLANG_WARN_CONSTANT_CONVERSION = YES;
				CLANG_WARN_DIRECT_OBJC_ISA_USAGE = YES_ERROR;
				CLANG_WARN_EMPTY_BODY = YES;
				CLANG_WARN_ENUM_CONVERSION = YES;
				CLANG_WARN_INT_CONVERSION = YES;
				CLANG_WARN_OBJC_ROOT_CLASS = YES_ERROR;
				CLANG_WARN_UNREACHABLE_CODE = YES;
				CLANG_WARN__DUPLICATE_METHOD_MATCH = YES;
				"CODE_SIGN_IDENTITY[sdk=iphoneos*]" = "iPhone Developer";
				COPY_PHASE_STRIP = NO;
				DEBUG_INFORMATION_FORMAT = dwarf;
				ENABLE_STRICT_OBJC_MSGSEND = YES;
				ENABLE_TESTABILITY = YES;
				GCC_C_LANGUAGE_STANDARD = gnu99;
				GCC_DYNAMIC_NO_PIC = NO;
				GCC_NO_COMMON_BLOCKS = YES;
				GCC_OPTIMIZATION_LEVEL = 0;
				GCC_PREPROCESSOR_DEFINITIONS = (
					"DEBUG=1",
					"$(inherited)",
				);
				GCC_WARN_64_TO_32_BIT_CONVERSION = YES;
				GCC_WARN_ABOUT_RETURN_TYPE = YES_ERROR;
				GCC_WARN_UNDECLARED_SELECTOR = YES;
				GCC_WARN_UNINITIALIZED_AUTOS = YES_AGGRESSIVE;
				GCC_WARN_UNUSED_FUNCTION = YES;
				GCC_WARN_UNUSED_VARIABLE = YES;
				IPHONEOS_DEPLOYMENT_TARGET = 9.3;
				MTL_ENABLE_DEBUG_INFO = YES;
				ONLY_ACTIVE_ARCH = YES;
				SDKROOT = iphoneos;
				TARGETED_DEVICE_FAMILY = "1,2";
			};
			name = Debug;
		};
		D4E1954D1D3613950037BA2D /* Release */ = {
			isa = XCBuildConfiguration;
			buildSettings = {
				ALWAYS_SEARCH_USER_PATHS = NO;
				CLANG_ANALYZER_NONNULL = YES;
				CLANG_CXX_LANGUAGE_STANDARD = "gnu++0x";
				CLANG_CXX_LIBRARY = "libc++";
				CLANG_ENABLE_MODULES = YES;
				CLANG_ENABLE_OBJC_ARC = YES;
				CLANG_WARN_BOOL_CONVERSION = YES;
				CLANG_WARN_CONSTANT_CONVERSION = YES;
				CLANG_WARN_DIRECT_OBJC_ISA_USAGE = YES_ERROR;
				CLANG_WARN_EMPTY_BODY = YES;
				CLANG_WARN_ENUM_CONVERSION = YES;
				CLANG_WARN_INT_CONVERSION = YES;
				CLANG_WARN_OBJC_ROOT_CLASS = YES_ERROR;
				CLANG_WARN_UNREACHABLE_CODE = YES;
				CLANG_WARN__DUPLICATE_METHOD_MATCH = YES;
				"CODE_SIGN_IDENTITY[sdk=iphoneos*]" = "iPhone Developer";
				COPY_PHASE_STRIP = NO;
				DEBUG_INFORMATION_FORMAT = "dwarf-with-dsym";
				ENABLE_NS_ASSERTIONS = NO;
				ENABLE_STRICT_OBJC_MSGSEND = YES;
				GCC_C_LANGUAGE_STANDARD = gnu99;
				GCC_NO_COMMON_BLOCKS = YES;
				GCC_WARN_64_TO_32_BIT_CONVERSION = YES;
				GCC_WARN_ABOUT_RETURN_TYPE = YES_ERROR;
				GCC_WARN_UNDECLARED_SELECTOR = YES;
				GCC_WARN_UNINITIALIZED_AUTOS = YES_AGGRESSIVE;
				GCC_WARN_UNUSED_FUNCTION = YES;
				GCC_WARN_UNUSED_VARIABLE = YES;
				IPHONEOS_DEPLOYMENT_TARGET = 9.3;
				MTL_ENABLE_DEBUG_INFO = NO;
				SDKROOT = iphoneos;
				TARGETED_DEVICE_FAMILY = "1,2";
				VALIDATE_PRODUCT = YES;
			};
			name = Release;
		};
		D4E1954F1D3613950037BA2D /* Debug */ = {
			isa = XCBuildConfiguration;
			baseConfigurationReference = 66751C4733711613EA4DE269 /* Pods-JWBaseAppStructure.debug.xcconfig */;
			buildSettings = {
				ASSETCATALOG_COMPILER_APPICON_NAME = AppIcon;
				INFOPLIST_FILE = JWBaseAppStructure/Info.plist;
				LD_RUNPATH_SEARCH_PATHS = "$(inherited) @executable_path/Frameworks";
				PRODUCT_BUNDLE_IDENTIFIER = Jason.JWBaseAppStructure;
				PRODUCT_NAME = "$(TARGET_NAME)";
			};
			name = Debug;
		};
		D4E195501D3613950037BA2D /* Release */ = {
			isa = XCBuildConfiguration;
			baseConfigurationReference = EEC8C35E241BF206E48B7508 /* Pods-JWBaseAppStructure.release.xcconfig */;
			buildSettings = {
				ASSETCATALOG_COMPILER_APPICON_NAME = AppIcon;
				INFOPLIST_FILE = JWBaseAppStructure/Info.plist;
				LD_RUNPATH_SEARCH_PATHS = "$(inherited) @executable_path/Frameworks";
				PRODUCT_BUNDLE_IDENTIFIER = Jason.JWBaseAppStructure;
				PRODUCT_NAME = "$(TARGET_NAME)";
			};
			name = Release;
		};
		D4E195521D3613950037BA2D /* Debug */ = {
			isa = XCBuildConfiguration;
			buildSettings = {
				BUNDLE_LOADER = "$(TEST_HOST)";
				INFOPLIST_FILE = JWBaseAppStructureTests/Info.plist;
				LD_RUNPATH_SEARCH_PATHS = "$(inherited) @executable_path/Frameworks @loader_path/Frameworks";
				PRODUCT_BUNDLE_IDENTIFIER = Jason.JWBaseAppStructureTests;
				PRODUCT_NAME = "$(TARGET_NAME)";
				TEST_HOST = "$(BUILT_PRODUCTS_DIR)/JWBaseAppStructure.app/JWBaseAppStructure";
			};
			name = Debug;
		};
		D4E195531D3613950037BA2D /* Release */ = {
			isa = XCBuildConfiguration;
			buildSettings = {
				BUNDLE_LOADER = "$(TEST_HOST)";
				INFOPLIST_FILE = JWBaseAppStructureTests/Info.plist;
				LD_RUNPATH_SEARCH_PATHS = "$(inherited) @executable_path/Frameworks @loader_path/Frameworks";
				PRODUCT_BUNDLE_IDENTIFIER = Jason.JWBaseAppStructureTests;
				PRODUCT_NAME = "$(TARGET_NAME)";
				TEST_HOST = "$(BUILT_PRODUCTS_DIR)/JWBaseAppStructure.app/JWBaseAppStructure";
			};
			name = Release;
		};
		D4E195551D3613950037BA2D /* Debug */ = {
			isa = XCBuildConfiguration;
			buildSettings = {
				INFOPLIST_FILE = JWBaseAppStructureUITests/Info.plist;
				LD_RUNPATH_SEARCH_PATHS = "$(inherited) @executable_path/Frameworks @loader_path/Frameworks";
				PRODUCT_BUNDLE_IDENTIFIER = Jason.JWBaseAppStructureUITests;
				PRODUCT_NAME = "$(TARGET_NAME)";
				TEST_TARGET_NAME = JWBaseAppStructure;
			};
			name = Debug;
		};
		D4E195561D3613950037BA2D /* Release */ = {
			isa = XCBuildConfiguration;
			buildSettings = {
				INFOPLIST_FILE = JWBaseAppStructureUITests/Info.plist;
				LD_RUNPATH_SEARCH_PATHS = "$(inherited) @executable_path/Frameworks @loader_path/Frameworks";
				PRODUCT_BUNDLE_IDENTIFIER = Jason.JWBaseAppStructureUITests;
				PRODUCT_NAME = "$(TARGET_NAME)";
				TEST_TARGET_NAME = JWBaseAppStructure;
			};
			name = Release;
		};
/* End XCBuildConfiguration section */

/* Begin XCConfigurationList section */
		D4E1951C1D3613950037BA2D /* Build configuration list for PBXProject "JWBaseAppStructure" */ = {
			isa = XCConfigurationList;
			buildConfigurations = (
				D4E1954C1D3613950037BA2D /* Debug */,
				D4E1954D1D3613950037BA2D /* Release */,
			);
			defaultConfigurationIsVisible = 0;
			defaultConfigurationName = Release;
		};
		D4E1954E1D3613950037BA2D /* Build configuration list for PBXNativeTarget "JWBaseAppStructure" */ = {
			isa = XCConfigurationList;
			buildConfigurations = (
				D4E1954F1D3613950037BA2D /* Debug */,
				D4E195501D3613950037BA2D /* Release */,
			);
			defaultConfigurationIsVisible = 0;
			defaultConfigurationName = Release;
		};
		D4E195511D3613950037BA2D /* Build configuration list for PBXNativeTarget "JWBaseAppStructureTests" */ = {
			isa = XCConfigurationList;
			buildConfigurations = (
				D4E195521D3613950037BA2D /* Debug */,
				D4E195531D3613950037BA2D /* Release */,
			);
			defaultConfigurationIsVisible = 0;
			defaultConfigurationName = Release;
		};
		D4E195541D3613950037BA2D /* Build configuration list for PBXNativeTarget "JWBaseAppStructureUITests" */ = {
			isa = XCConfigurationList;
			buildConfigurations = (
				D4E195551D3613950037BA2D /* Debug */,
				D4E195561D3613950037BA2D /* Release */,
			);
			defaultConfigurationIsVisible = 0;
			defaultConfigurationName = Release;
		};
/* End XCConfigurationList section */
	};
	rootObject = D4E195191D3613950037BA2D /* Project object */;
}
