<?xml version="1.0" encoding="UTF-8"?>
<!DOCTYPE plist PUBLIC "-//Apple//DTD PLIST 1.0//EN" "http://www.apple.com/DTDs/PropertyList-1.0.dtd">
<plist version="1.0">
<dict>
	<key>archiveVersion</key>
	<string>1</string>
	<key>classes</key>
	<dict/>
	<key>objectVersion</key>
	<string>46</string>
	<key>objects</key>
	<dict>
		<key>0263D35E524364A4C9F48B59</key>
		<dict>
			<key>explicitFileType</key>
			<string>archive.ar</string>
			<key>includeInIndex</key>
			<string>0</string>
			<key>isa</key>
			<string>PBXFileReference</string>
			<key>path</key>
			<string>libPods-JWBaseAppStructure.a</string>
			<key>sourceTree</key>
			<string>BUILT_PRODUCTS_DIR</string>
		</dict>
		<key>18D9AEE3D7AA59BDA5A8073B</key>
		<dict>
			<key>children</key>
			<array>
				<string>66751C4733711613EA4DE269</string>
				<string>EEC8C35E241BF206E48B7508</string>
			</array>
			<key>isa</key>
			<string>PBXGroup</string>
			<key>name</key>
			<string>Pods</string>
			<key>sourceTree</key>
			<string>&lt;group&gt;</string>
		</dict>
		<key>51878A0300D260ABAA470420</key>
		<dict>
			<key>children</key>
			<array>
				<string>0263D35E524364A4C9F48B59</string>
			</array>
			<key>isa</key>
			<string>PBXGroup</string>
			<key>name</key>
			<string>Frameworks</string>
			<key>sourceTree</key>
			<string>&lt;group&gt;</string>
		</dict>
		<key>66751C4733711613EA4DE269</key>
		<dict>
			<key>includeInIndex</key>
			<string>1</string>
			<key>isa</key>
			<string>PBXFileReference</string>
			<key>lastKnownFileType</key>
			<string>text.xcconfig</string>
			<key>name</key>
			<string>Pods-JWBaseAppStructure.debug.xcconfig</string>
			<key>path</key>
			<string>Pods/Target Support Files/Pods-JWBaseAppStructure/Pods-JWBaseAppStructure.debug.xcconfig</string>
			<key>sourceTree</key>
			<string>&lt;group&gt;</string>
		</dict>
		<key>90C659323AAEE43D0C079F76</key>
		<dict>
			<key>fileRef</key>
			<string>0263D35E524364A4C9F48B59</string>
			<key>isa</key>
			<string>PBXBuildFile</string>
		</dict>
		<key>B9E92EA1F66A60B9A7C5D558</key>
		<dict>
			<key>buildActionMask</key>
			<string>2147483647</string>
			<key>files</key>
			<array/>
			<key>inputPaths</key>
			<array/>
			<key>isa</key>
			<string>PBXShellScriptBuildPhase</string>
			<key>name</key>
			<string>Check Pods Manifest.lock</string>
			<key>outputPaths</key>
			<array/>
			<key>runOnlyForDeploymentPostprocessing</key>
			<string>0</string>
			<key>shellPath</key>
			<string>/bin/sh</string>
			<key>shellScript</key>
			<string>diff "${PODS_ROOT}/../Podfile.lock" "${PODS_ROOT}/Manifest.lock" &gt; /dev/null
if [[ $? != 0 ]] ; then
    cat &lt;&lt; EOM
error: The sandbox is not in sync with the Podfile.lock. Run 'pod install' or update your CocoaPods installation.
EOM
    exit 1
fi
</string>
			<key>showEnvVarsInLog</key>
			<string>0</string>
		</dict>
		<key>C4DCEBFB5E7D9F9B0B1FCDA0</key>
		<dict>
			<key>buildActionMask</key>
			<string>2147483647</string>
			<key>files</key>
			<array/>
			<key>inputPaths</key>
			<array/>
			<key>isa</key>
			<string>PBXShellScriptBuildPhase</string>
			<key>name</key>
			<string>Embed Pods Frameworks</string>
			<key>outputPaths</key>
			<array/>
			<key>runOnlyForDeploymentPostprocessing</key>
			<string>0</string>
			<key>shellPath</key>
			<string>/bin/sh</string>
			<key>shellScript</key>
			<string>"${SRCROOT}/Pods/Target Support Files/Pods-JWBaseAppStructure/Pods-JWBaseAppStructure-frameworks.sh"
</string>
			<key>showEnvVarsInLog</key>
			<string>0</string>
		</dict>
		<key>D4E195181D3613950037BA2D</key>
		<dict>
			<key>children</key>
			<array>
				<string>D4E195231D3613950037BA2D</string>
				<string>D4E1953D1D3613950037BA2D</string>
				<string>D4E195481D3613950037BA2D</string>
				<string>D4E195221D3613950037BA2D</string>
				<string>18D9AEE3D7AA59BDA5A8073B</string>
				<string>51878A0300D260ABAA470420</string>
			</array>
			<key>isa</key>
			<string>PBXGroup</string>
			<key>sourceTree</key>
			<string>&lt;group&gt;</string>
		</dict>
		<key>D4E195191D3613950037BA2D</key>
		<dict>
			<key>attributes</key>
			<dict>
				<key>LastUpgradeCheck</key>
				<string>0730</string>
				<key>ORGANIZATIONNAME</key>
				<string>JasonWang</string>
				<key>TargetAttributes</key>
				<dict>
					<key>D4E195201D3613950037BA2D</key>
					<dict>
						<key>CreatedOnToolsVersion</key>
						<string>7.3</string>
					</dict>
					<key>D4E195391D3613950037BA2D</key>
					<dict>
						<key>CreatedOnToolsVersion</key>
						<string>7.3</string>
						<key>TestTargetID</key>
						<string>D4E195201D3613950037BA2D</string>
					</dict>
					<key>D4E195441D3613950037BA2D</key>
					<dict>
						<key>CreatedOnToolsVersion</key>
						<string>7.3</string>
						<key>TestTargetID</key>
						<string>D4E195201D3613950037BA2D</string>
					</dict>
				</dict>
			</dict>
			<key>buildConfigurationList</key>
			<string>D4E1951C1D3613950037BA2D</string>
			<key>compatibilityVersion</key>
			<string>Xcode 3.2</string>
			<key>developmentRegion</key>
			<string>English</string>
			<key>hasScannedForEncodings</key>
			<string>0</string>
			<key>isa</key>
			<string>PBXProject</string>
			<key>knownRegions</key>
			<array>
				<string>en</string>
				<string>Base</string>
			</array>
			<key>mainGroup</key>
			<string>D4E195181D3613950037BA2D</string>
			<key>productRefGroup</key>
			<string>D4E195221D3613950037BA2D</string>
			<key>projectDirPath</key>
			<string></string>
			<key>projectReferences</key>
			<array/>
			<key>projectRoot</key>
			<string></string>
			<key>targets</key>
			<array>
				<string>D4E195201D3613950037BA2D</string>
				<string>D4E195391D3613950037BA2D</string>
				<string>D4E195441D3613950037BA2D</string>
			</array>
		</dict>
		<key>D4E1951C1D3613950037BA2D</key>
		<dict>
			<key>buildConfigurations</key>
			<array>
				<string>D4E1954C1D3613950037BA2D</string>
				<string>D4E1954D1D3613950037BA2D</string>
			</array>
			<key>defaultConfigurationIsVisible</key>
			<string>0</string>
			<key>defaultConfigurationName</key>
			<string>Release</string>
			<key>isa</key>
			<string>XCConfigurationList</string>
		</dict>
		<key>D4E1951D1D3613950037BA2D</key>
		<dict>
			<key>buildActionMask</key>
			<string>2147483647</string>
			<key>files</key>
			<array>
				<string>D4E195A01D36147F0037BA2D</string>
				<string>D4E195741D3614670037BA2D</string>
				<string>D4E195A31D36147F0037BA2D</string>
				<string>D4E1959F1D36147F0037BA2D</string>
				<string>D4E195BC1D3614860037BA2D</string>
				<string>D4E195C11D3614860037BA2D</string>
				<string>D4E195761D3614670037BA2D</string>
				<string>D4E195991D36147F0037BA2D</string>
				<string>D4E195BD1D3614860037BA2D</string>
				<string>D4E195C31D3614860037BA2D</string>
				<string>D4E195C21D3614860037BA2D</string>
				<string>D4E1959B1D36147F0037BA2D</string>
				<string>D4E1955E1D36144C0037BA2D</string>
				<string>D4E1959D1D36147F0037BA2D</string>
				<string>D4E195BF1D3614860037BA2D</string>
				<string>D4E1955F1D36144C0037BA2D</string>
				<string>D4E1959E1D36147F0037BA2D</string>
				<string>D4E195A11D36147F0037BA2D</string>
				<string>D4E1959A1D36147F0037BA2D</string>
				<string>D4E195A21D36147F0037BA2D</string>
				<string>D4E195BE1D3614860037BA2D</string>
				<string>D4E195601D36144C0037BA2D</string>
				<string>D4E1959C1D36147F0037BA2D</string>
				<string>D4E195C01D3614860037BA2D</string>
				<string>D4E195731D3614670037BA2D</string>
				<string>D4E195A41D36147F0037BA2D</string>
				<string>D4E195C41D3614860037BA2D</string>
				<string>D4E195261D3613950037BA2D</string>
				<string>D4E195751D3614670037BA2D</string>
			</array>
			<key>isa</key>
			<string>PBXSourcesBuildPhase</string>
			<key>runOnlyForDeploymentPostprocessing</key>
			<string>0</string>
		</dict>
		<key>D4E1951E1D3613950037BA2D</key>
		<dict>
			<key>buildActionMask</key>
			<string>2147483647</string>
			<key>files</key>
			<array>
				<string>90C659323AAEE43D0C079F76</string>
			</array>
			<key>isa</key>
			<string>PBXFrameworksBuildPhase</string>
			<key>runOnlyForDeploymentPostprocessing</key>
			<string>0</string>
		</dict>
		<key>D4E1951F1D3613950037BA2D</key>
		<dict>
			<key>buildActionMask</key>
			<string>2147483647</string>
			<key>files</key>
			<array>
				<string>D4E195341D3613950037BA2D</string>
				<string>D4E195311D3613950037BA2D</string>
				<string>D4E1952F1D3613950037BA2D</string>
			</array>
			<key>isa</key>
			<string>PBXResourcesBuildPhase</string>
			<key>runOnlyForDeploymentPostprocessing</key>
			<string>0</string>
		</dict>
		<key>D4E195201D3613950037BA2D</key>
		<dict>
			<key>buildConfigurationList</key>
			<string>D4E1954E1D3613950037BA2D</string>
			<key>buildPhases</key>
			<array>
				<string>B9E92EA1F66A60B9A7C5D558</string>
				<string>D4E1951D1D3613950037BA2D</string>
				<string>D4E1951E1D3613950037BA2D</string>
				<string>D4E1951F1D3613950037BA2D</string>
				<string>C4DCEBFB5E7D9F9B0B1FCDA0</string>
				<string>D9F50C71B8B1A720BBC21797</string>
			</array>
			<key>buildRules</key>
			<array/>
			<key>dependencies</key>
			<array/>
			<key>isa</key>
			<string>PBXNativeTarget</string>
			<key>name</key>
			<string>JWBaseAppStructure</string>
			<key>productName</key>
			<string>JWBaseAppStructure</string>
			<key>productReference</key>
			<string>D4E195211D3613950037BA2D</string>
			<key>productType</key>
			<string>com.apple.product-type.application</string>
		</dict>
		<key>D4E195211D3613950037BA2D</key>
		<dict>
			<key>explicitFileType</key>
			<string>wrapper.application</string>
			<key>includeInIndex</key>
			<string>0</string>
			<key>isa</key>
			<string>PBXFileReference</string>
			<key>path</key>
			<string>JWBaseAppStructure.app</string>
			<key>sourceTree</key>
			<string>BUILT_PRODUCTS_DIR</string>
		</dict>
		<key>D4E195221D3613950037BA2D</key>
		<dict>
			<key>children</key>
			<array>
				<string>D4E195211D3613950037BA2D</string>
				<string>D4E1953A1D3613950037BA2D</string>
				<string>D4E195451D3613950037BA2D</string>
			</array>
			<key>isa</key>
			<string>PBXGroup</string>
			<key>name</key>
			<string>Products</string>
			<key>sourceTree</key>
			<string>&lt;group&gt;</string>
		</dict>
		<key>D4E195231D3613950037BA2D</key>
		<dict>
			<key>children</key>
			<array>
				<string>D4E195A51D3614860037BA2D</string>
				<string>D4E195771D36147F0037BA2D</string>
				<string>D4E195611D3614670037BA2D</string>
				<string>D4E195571D36144C0037BA2D</string>
				<string>D4E1952D1D3613950037BA2D</string>
				<string>D4E195301D3613950037BA2D</string>
				<string>D4E195321D3613950037BA2D</string>
				<string>D4E195351D3613950037BA2D</string>
				<string>D4E195241D3613950037BA2D</string>
			</array>
			<key>isa</key>
			<string>PBXGroup</string>
			<key>path</key>
			<string>JWBaseAppStructure</string>
			<key>sourceTree</key>
			<string>&lt;group&gt;</string>
		</dict>
		<key>D4E195241D3613950037BA2D</key>
		<dict>
			<key>children</key>
			<array>
				<string>D4E195251D3613950037BA2D</string>
			</array>
			<key>isa</key>
			<string>PBXGroup</string>
			<key>name</key>
			<string>Supporting Files</string>
			<key>sourceTree</key>
			<string>&lt;group&gt;</string>
		</dict>
		<key>D4E195251D3613950037BA2D</key>
		<dict>
			<key>isa</key>
			<string>PBXFileReference</string>
			<key>lastKnownFileType</key>
			<string>sourcecode.c.objc</string>
			<key>path</key>
			<string>main.m</string>
			<key>sourceTree</key>
			<string>&lt;group&gt;</string>
		</dict>
		<key>D4E195261D3613950037BA2D</key>
		<dict>
			<key>fileRef</key>
			<string>D4E195251D3613950037BA2D</string>
			<key>isa</key>
			<string>PBXBuildFile</string>
		</dict>
		<key>D4E1952D1D3613950037BA2D</key>
		<dict>
			<key>children</key>
			<array>
				<string>D4E1952E1D3613950037BA2D</string>
			</array>
			<key>isa</key>
			<string>PBXVariantGroup</string>
			<key>name</key>
			<string>Main.storyboard</string>
			<key>sourceTree</key>
			<string>&lt;group&gt;</string>
		</dict>
		<key>D4E1952E1D3613950037BA2D</key>
		<dict>
			<key>isa</key>
			<string>PBXFileReference</string>
			<key>lastKnownFileType</key>
			<string>file.storyboard</string>
			<key>name</key>
			<string>Base</string>
			<key>path</key>
			<string>Base.lproj/Main.storyboard</string>
			<key>sourceTree</key>
			<string>&lt;group&gt;</string>
		</dict>
		<key>D4E1952F1D3613950037BA2D</key>
		<dict>
			<key>fileRef</key>
			<string>D4E1952D1D3613950037BA2D</string>
			<key>isa</key>
			<string>PBXBuildFile</string>
		</dict>
		<key>D4E195301D3613950037BA2D</key>
		<dict>
			<key>isa</key>
			<string>PBXFileReference</string>
			<key>lastKnownFileType</key>
			<string>folder.assetcatalog</string>
			<key>path</key>
			<string>Assets.xcassets</string>
			<key>sourceTree</key>
			<string>&lt;group&gt;</string>
		</dict>
		<key>D4E195311D3613950037BA2D</key>
		<dict>
			<key>fileRef</key>
			<string>D4E195301D3613950037BA2D</string>
			<key>isa</key>
			<string>PBXBuildFile</string>
		</dict>
		<key>D4E195321D3613950037BA2D</key>
		<dict>
			<key>children</key>
			<array>
				<string>D4E195331D3613950037BA2D</string>
			</array>
			<key>isa</key>
			<string>PBXVariantGroup</string>
			<key>name</key>
			<string>LaunchScreen.storyboard</string>
			<key>sourceTree</key>
			<string>&lt;group&gt;</string>
		</dict>
		<key>D4E195331D3613950037BA2D</key>
		<dict>
			<key>isa</key>
			<string>PBXFileReference</string>
			<key>lastKnownFileType</key>
			<string>file.storyboard</string>
			<key>name</key>
			<string>Base</string>
			<key>path</key>
			<string>Base.lproj/LaunchScreen.storyboard</string>
			<key>sourceTree</key>
			<string>&lt;group&gt;</string>
		</dict>
		<key>D4E195341D3613950037BA2D</key>
		<dict>
			<key>fileRef</key>
			<string>D4E195321D3613950037BA2D</string>
			<key>isa</key>
			<string>PBXBuildFile</string>
		</dict>
		<key>D4E195351D3613950037BA2D</key>
		<dict>
			<key>isa</key>
			<string>PBXFileReference</string>
			<key>lastKnownFileType</key>
			<string>text.plist.xml</string>
			<key>path</key>
			<string>Info.plist</string>
			<key>sourceTree</key>
			<string>&lt;group&gt;</string>
		</dict>
		<key>D4E195361D3613950037BA2D</key>
		<dict>
			<key>buildActionMask</key>
			<string>2147483647</string>
			<key>files</key>
			<array>
				<string>D4E1953F1D3613950037BA2D</string>
			</array>
			<key>isa</key>
			<string>PBXSourcesBuildPhase</string>
			<key>runOnlyForDeploymentPostprocessing</key>
			<string>0</string>
		</dict>
		<key>D4E195371D3613950037BA2D</key>
		<dict>
			<key>buildActionMask</key>
			<string>2147483647</string>
			<key>files</key>
			<array/>
			<key>isa</key>
			<string>PBXFrameworksBuildPhase</string>
			<key>runOnlyForDeploymentPostprocessing</key>
			<string>0</string>
		</dict>
		<key>D4E195381D3613950037BA2D</key>
		<dict>
			<key>buildActionMask</key>
			<string>2147483647</string>
			<key>files</key>
			<array/>
			<key>isa</key>
			<string>PBXResourcesBuildPhase</string>
			<key>runOnlyForDeploymentPostprocessing</key>
			<string>0</string>
		</dict>
		<key>D4E195391D3613950037BA2D</key>
		<dict>
			<key>buildConfigurationList</key>
			<string>D4E195511D3613950037BA2D</string>
			<key>buildPhases</key>
			<array>
				<string>D4E195361D3613950037BA2D</string>
				<string>D4E195371D3613950037BA2D</string>
				<string>D4E195381D3613950037BA2D</string>
			</array>
			<key>buildRules</key>
			<array/>
			<key>dependencies</key>
			<array>
				<string>D4E1953C1D3613950037BA2D</string>
			</array>
			<key>isa</key>
			<string>PBXNativeTarget</string>
			<key>name</key>
			<string>JWBaseAppStructureTests</string>
			<key>productName</key>
			<string>JWBaseAppStructureTests</string>
			<key>productReference</key>
			<string>D4E1953A1D3613950037BA2D</string>
			<key>productType</key>
			<string>com.apple.product-type.bundle.unit-test</string>
		</dict>
		<key>D4E1953A1D3613950037BA2D</key>
		<dict>
			<key>explicitFileType</key>
			<string>wrapper.cfbundle</string>
			<key>includeInIndex</key>
			<string>0</string>
			<key>isa</key>
			<string>PBXFileReference</string>
			<key>path</key>
			<string>JWBaseAppStructureTests.xctest</string>
			<key>sourceTree</key>
			<string>BUILT_PRODUCTS_DIR</string>
		</dict>
		<key>D4E1953B1D3613950037BA2D</key>
		<dict>
			<key>containerPortal</key>
			<string>D4E195191D3613950037BA2D</string>
			<key>isa</key>
			<string>PBXContainerItemProxy</string>
			<key>proxyType</key>
			<string>1</string>
			<key>remoteGlobalIDString</key>
			<string>D4E195201D3613950037BA2D</string>
			<key>remoteInfo</key>
			<string>JWBaseAppStructure</string>
		</dict>
		<key>D4E1953C1D3613950037BA2D</key>
		<dict>
			<key>isa</key>
			<string>PBXTargetDependency</string>
			<key>target</key>
			<string>D4E195201D3613950037BA2D</string>
			<key>targetProxy</key>
			<string>D4E1953B1D3613950037BA2D</string>
		</dict>
		<key>D4E1953D1D3613950037BA2D</key>
		<dict>
			<key>children</key>
			<array>
				<string>D4E1953E1D3613950037BA2D</string>
				<string>D4E195401D3613950037BA2D</string>
			</array>
			<key>isa</key>
			<string>PBXGroup</string>
			<key>path</key>
			<string>JWBaseAppStructureTests</string>
			<key>sourceTree</key>
			<string>&lt;group&gt;</string>
		</dict>
		<key>D4E1953E1D3613950037BA2D</key>
		<dict>
			<key>isa</key>
			<string>PBXFileReference</string>
			<key>lastKnownFileType</key>
			<string>sourcecode.c.objc</string>
			<key>path</key>
			<string>JWBaseAppStructureTests.m</string>
			<key>sourceTree</key>
			<string>&lt;group&gt;</string>
		</dict>
		<key>D4E1953F1D3613950037BA2D</key>
		<dict>
			<key>fileRef</key>
			<string>D4E1953E1D3613950037BA2D</string>
			<key>isa</key>
			<string>PBXBuildFile</string>
		</dict>
		<key>D4E195401D3613950037BA2D</key>
		<dict>
			<key>isa</key>
			<string>PBXFileReference</string>
			<key>lastKnownFileType</key>
			<string>text.plist.xml</string>
			<key>path</key>
			<string>Info.plist</string>
			<key>sourceTree</key>
			<string>&lt;group&gt;</string>
		</dict>
		<key>D4E195411D3613950037BA2D</key>
		<dict>
			<key>buildActionMask</key>
			<string>2147483647</string>
			<key>files</key>
			<array>
				<string>D4E1954A1D3613950037BA2D</string>
			</array>
			<key>isa</key>
			<string>PBXSourcesBuildPhase</string>
			<key>runOnlyForDeploymentPostprocessing</key>
			<string>0</string>
		</dict>
		<key>D4E195421D3613950037BA2D</key>
		<dict>
			<key>buildActionMask</key>
			<string>2147483647</string>
			<key>files</key>
			<array/>
			<key>isa</key>
			<string>PBXFrameworksBuildPhase</string>
			<key>runOnlyForDeploymentPostprocessing</key>
			<string>0</string>
		</dict>
		<key>D4E195431D3613950037BA2D</key>
		<dict>
			<key>buildActionMask</key>
			<string>2147483647</string>
			<key>files</key>
			<array/>
			<key>isa</key>
			<string>PBXResourcesBuildPhase</string>
			<key>runOnlyForDeploymentPostprocessing</key>
			<string>0</string>
		</dict>
		<key>D4E195441D3613950037BA2D</key>
		<dict>
			<key>buildConfigurationList</key>
			<string>D4E195541D3613950037BA2D</string>
			<key>buildPhases</key>
			<array>
				<string>D4E195411D3613950037BA2D</string>
				<string>D4E195421D3613950037BA2D</string>
				<string>D4E195431D3613950037BA2D</string>
			</array>
			<key>buildRules</key>
			<array/>
			<key>dependencies</key>
			<array>
				<string>D4E195471D3613950037BA2D</string>
			</array>
			<key>isa</key>
			<string>PBXNativeTarget</string>
			<key>name</key>
			<string>JWBaseAppStructureUITests</string>
			<key>productName</key>
			<string>JWBaseAppStructureUITests</string>
			<key>productReference</key>
			<string>D4E195451D3613950037BA2D</string>
			<key>productType</key>
			<string>com.apple.product-type.bundle.ui-testing</string>
		</dict>
		<key>D4E195451D3613950037BA2D</key>
		<dict>
			<key>explicitFileType</key>
			<string>wrapper.cfbundle</string>
			<key>includeInIndex</key>
			<string>0</string>
			<key>isa</key>
			<string>PBXFileReference</string>
			<key>path</key>
			<string>JWBaseAppStructureUITests.xctest</string>
			<key>sourceTree</key>
			<string>BUILT_PRODUCTS_DIR</string>
		</dict>
		<key>D4E195461D3613950037BA2D</key>
		<dict>
			<key>containerPortal</key>
			<string>D4E195191D3613950037BA2D</string>
			<key>isa</key>
			<string>PBXContainerItemProxy</string>
			<key>proxyType</key>
			<string>1</string>
			<key>remoteGlobalIDString</key>
			<string>D4E195201D3613950037BA2D</string>
			<key>remoteInfo</key>
			<string>JWBaseAppStructure</string>
		</dict>
		<key>D4E195471D3613950037BA2D</key>
		<dict>
			<key>isa</key>
			<string>PBXTargetDependency</string>
			<key>target</key>
			<string>D4E195201D3613950037BA2D</string>
			<key>targetProxy</key>
			<string>D4E195461D3613950037BA2D</string>
		</dict>
		<key>D4E195481D3613950037BA2D</key>
		<dict>
			<key>children</key>
			<array>
				<string>D4E195491D3613950037BA2D</string>
				<string>D4E1954B1D3613950037BA2D</string>
			</array>
			<key>isa</key>
			<string>PBXGroup</string>
			<key>path</key>
			<string>JWBaseAppStructureUITests</string>
			<key>sourceTree</key>
			<string>&lt;group&gt;</string>
		</dict>
		<key>D4E195491D3613950037BA2D</key>
		<dict>
			<key>isa</key>
			<string>PBXFileReference</string>
			<key>lastKnownFileType</key>
			<string>sourcecode.c.objc</string>
			<key>path</key>
			<string>JWBaseAppStructureUITests.m</string>
			<key>sourceTree</key>
			<string>&lt;group&gt;</string>
		</dict>
		<key>D4E1954A1D3613950037BA2D</key>
		<dict>
			<key>fileRef</key>
			<string>D4E195491D3613950037BA2D</string>
			<key>isa</key>
			<string>PBXBuildFile</string>
		</dict>
		<key>D4E1954B1D3613950037BA2D</key>
		<dict>
			<key>isa</key>
			<string>PBXFileReference</string>
			<key>lastKnownFileType</key>
			<string>text.plist.xml</string>
			<key>path</key>
			<string>Info.plist</string>
			<key>sourceTree</key>
			<string>&lt;group&gt;</string>
		</dict>
		<key>D4E1954C1D3613950037BA2D</key>
		<dict>
			<key>buildSettings</key>
			<dict>
				<key>ALWAYS_SEARCH_USER_PATHS</key>
				<string>NO</string>
				<key>CLANG_ANALYZER_NONNULL</key>
				<string>YES</string>
				<key>CLANG_CXX_LANGUAGE_STANDARD</key>
				<string>gnu++0x</string>
				<key>CLANG_CXX_LIBRARY</key>
				<string>libc++</string>
				<key>CLANG_ENABLE_MODULES</key>
				<string>YES</string>
				<key>CLANG_ENABLE_OBJC_ARC</key>
				<string>YES</string>
				<key>CLANG_WARN_BOOL_CONVERSION</key>
				<string>YES</string>
				<key>CLANG_WARN_CONSTANT_CONVERSION</key>
				<string>YES</string>
				<key>CLANG_WARN_DIRECT_OBJC_ISA_USAGE</key>
				<string>YES_ERROR</string>
				<key>CLANG_WARN_EMPTY_BODY</key>
				<string>YES</string>
				<key>CLANG_WARN_ENUM_CONVERSION</key>
				<string>YES</string>
				<key>CLANG_WARN_INT_CONVERSION</key>
				<string>YES</string>
				<key>CLANG_WARN_OBJC_ROOT_CLASS</key>
				<string>YES_ERROR</string>
				<key>CLANG_WARN_UNREACHABLE_CODE</key>
				<string>YES</string>
				<key>CLANG_WARN__DUPLICATE_METHOD_MATCH</key>
				<string>YES</string>
				<key>CODE_SIGN_IDENTITY[sdk=iphoneos*]</key>
				<string>iPhone Developer</string>
				<key>COPY_PHASE_STRIP</key>
				<string>NO</string>
				<key>DEBUG_INFORMATION_FORMAT</key>
				<string>dwarf</string>
				<key>ENABLE_STRICT_OBJC_MSGSEND</key>
				<string>YES</string>
				<key>ENABLE_TESTABILITY</key>
				<string>YES</string>
				<key>GCC_C_LANGUAGE_STANDARD</key>
				<string>gnu99</string>
				<key>GCC_DYNAMIC_NO_PIC</key>
				<string>NO</string>
				<key>GCC_NO_COMMON_BLOCKS</key>
				<string>YES</string>
				<key>GCC_OPTIMIZATION_LEVEL</key>
				<string>0</string>
				<key>GCC_PREPROCESSOR_DEFINITIONS</key>
				<array>
					<string>DEBUG=1</string>
					<string>$(inherited)</string>
				</array>
				<key>GCC_WARN_64_TO_32_BIT_CONVERSION</key>
				<string>YES</string>
				<key>GCC_WARN_ABOUT_RETURN_TYPE</key>
				<string>YES_ERROR</string>
				<key>GCC_WARN_UNDECLARED_SELECTOR</key>
				<string>YES</string>
				<key>GCC_WARN_UNINITIALIZED_AUTOS</key>
				<string>YES_AGGRESSIVE</string>
				<key>GCC_WARN_UNUSED_FUNCTION</key>
				<string>YES</string>
				<key>GCC_WARN_UNUSED_VARIABLE</key>
				<string>YES</string>
				<key>IPHONEOS_DEPLOYMENT_TARGET</key>
				<string>9.3</string>
				<key>MTL_ENABLE_DEBUG_INFO</key>
				<string>YES</string>
				<key>ONLY_ACTIVE_ARCH</key>
				<string>YES</string>
				<key>SDKROOT</key>
				<string>iphoneos</string>
				<key>TARGETED_DEVICE_FAMILY</key>
				<string>1,2</string>
			</dict>
			<key>isa</key>
			<string>XCBuildConfiguration</string>
			<key>name</key>
			<string>Debug</string>
		</dict>
		<key>D4E1954D1D3613950037BA2D</key>
		<dict>
			<key>buildSettings</key>
			<dict>
				<key>ALWAYS_SEARCH_USER_PATHS</key>
				<string>NO</string>
				<key>CLANG_ANALYZER_NONNULL</key>
				<string>YES</string>
				<key>CLANG_CXX_LANGUAGE_STANDARD</key>
				<string>gnu++0x</string>
				<key>CLANG_CXX_LIBRARY</key>
				<string>libc++</string>
				<key>CLANG_ENABLE_MODULES</key>
				<string>YES</string>
				<key>CLANG_ENABLE_OBJC_ARC</key>
				<string>YES</string>
				<key>CLANG_WARN_BOOL_CONVERSION</key>
				<string>YES</string>
				<key>CLANG_WARN_CONSTANT_CONVERSION</key>
				<string>YES</string>
				<key>CLANG_WARN_DIRECT_OBJC_ISA_USAGE</key>
				<string>YES_ERROR</string>
				<key>CLANG_WARN_EMPTY_BODY</key>
				<string>YES</string>
				<key>CLANG_WARN_ENUM_CONVERSION</key>
				<string>YES</string>
				<key>CLANG_WARN_INT_CONVERSION</key>
				<string>YES</string>
				<key>CLANG_WARN_OBJC_ROOT_CLASS</key>
				<string>YES_ERROR</string>
				<key>CLANG_WARN_UNREACHABLE_CODE</key>
				<string>YES</string>
				<key>CLANG_WARN__DUPLICATE_METHOD_MATCH</key>
				<string>YES</string>
				<key>CODE_SIGN_IDENTITY[sdk=iphoneos*]</key>
				<string>iPhone Developer</string>
				<key>COPY_PHASE_STRIP</key>
				<string>NO</string>
				<key>DEBUG_INFORMATION_FORMAT</key>
				<string>dwarf-with-dsym</string>
				<key>ENABLE_NS_ASSERTIONS</key>
				<string>NO</string>
				<key>ENABLE_STRICT_OBJC_MSGSEND</key>
				<string>YES</string>
				<key>GCC_C_LANGUAGE_STANDARD</key>
				<string>gnu99</string>
				<key>GCC_NO_COMMON_BLOCKS</key>
				<string>YES</string>
				<key>GCC_WARN_64_TO_32_BIT_CONVERSION</key>
				<string>YES</string>
				<key>GCC_WARN_ABOUT_RETURN_TYPE</key>
				<string>YES_ERROR</string>
				<key>GCC_WARN_UNDECLARED_SELECTOR</key>
				<string>YES</string>
				<key>GCC_WARN_UNINITIALIZED_AUTOS</key>
				<string>YES_AGGRESSIVE</string>
				<key>GCC_WARN_UNUSED_FUNCTION</key>
				<string>YES</string>
				<key>GCC_WARN_UNUSED_VARIABLE</key>
				<string>YES</string>
				<key>IPHONEOS_DEPLOYMENT_TARGET</key>
				<string>9.3</string>
				<key>MTL_ENABLE_DEBUG_INFO</key>
				<string>NO</string>
				<key>SDKROOT</key>
				<string>iphoneos</string>
				<key>TARGETED_DEVICE_FAMILY</key>
				<string>1,2</string>
				<key>VALIDATE_PRODUCT</key>
				<string>YES</string>
			</dict>
			<key>isa</key>
			<string>XCBuildConfiguration</string>
			<key>name</key>
			<string>Release</string>
		</dict>
		<key>D4E1954E1D3613950037BA2D</key>
		<dict>
			<key>buildConfigurations</key>
			<array>
				<string>D4E1954F1D3613950037BA2D</string>
				<string>D4E195501D3613950037BA2D</string>
			</array>
			<key>defaultConfigurationIsVisible</key>
			<string>0</string>
			<key>isa</key>
			<string>XCConfigurationList</string>
		</dict>
		<key>D4E1954F1D3613950037BA2D</key>
		<dict>
			<key>baseConfigurationReference</key>
			<string>66751C4733711613EA4DE269</string>
			<key>buildSettings</key>
			<dict>
				<key>ASSETCATALOG_COMPILER_APPICON_NAME</key>
				<string>AppIcon</string>
				<key>INFOPLIST_FILE</key>
				<string>JWBaseAppStructure/Info.plist</string>
				<key>LD_RUNPATH_SEARCH_PATHS</key>
				<string>$(inherited) @executable_path/Frameworks</string>
				<key>PRODUCT_BUNDLE_IDENTIFIER</key>
				<string>Jason.JWBaseAppStructure</string>
				<key>PRODUCT_NAME</key>
				<string>$(TARGET_NAME)</string>
			</dict>
			<key>isa</key>
			<string>XCBuildConfiguration</string>
			<key>name</key>
			<string>Debug</string>
		</dict>
		<key>D4E195501D3613950037BA2D</key>
		<dict>
			<key>baseConfigurationReference</key>
			<string>EEC8C35E241BF206E48B7508</string>
			<key>buildSettings</key>
			<dict>
				<key>ASSETCATALOG_COMPILER_APPICON_NAME</key>
				<string>AppIcon</string>
				<key>INFOPLIST_FILE</key>
				<string>JWBaseAppStructure/Info.plist</string>
				<key>LD_RUNPATH_SEARCH_PATHS</key>
				<string>$(inherited) @executable_path/Frameworks</string>
				<key>PRODUCT_BUNDLE_IDENTIFIER</key>
				<string>Jason.JWBaseAppStructure</string>
				<key>PRODUCT_NAME</key>
				<string>$(TARGET_NAME)</string>
			</dict>
			<key>isa</key>
			<string>XCBuildConfiguration</string>
			<key>name</key>
			<string>Release</string>
		</dict>
		<key>D4E195511D3613950037BA2D</key>
		<dict>
			<key>buildConfigurations</key>
			<array>
				<string>D4E195521D3613950037BA2D</string>
				<string>D4E195531D3613950037BA2D</string>
			</array>
			<key>defaultConfigurationIsVisible</key>
			<string>0</string>
			<key>isa</key>
			<string>XCConfigurationList</string>
		</dict>
		<key>D4E195521D3613950037BA2D</key>
		<dict>
			<key>buildSettings</key>
			<dict>
				<key>BUNDLE_LOADER</key>
				<string>$(TEST_HOST)</string>
				<key>INFOPLIST_FILE</key>
				<string>JWBaseAppStructureTests/Info.plist</string>
				<key>LD_RUNPATH_SEARCH_PATHS</key>
				<string>$(inherited) @executable_path/Frameworks @loader_path/Frameworks</string>
				<key>PRODUCT_BUNDLE_IDENTIFIER</key>
				<string>Jason.JWBaseAppStructureTests</string>
				<key>PRODUCT_NAME</key>
				<string>$(TARGET_NAME)</string>
				<key>TEST_HOST</key>
				<string>$(BUILT_PRODUCTS_DIR)/JWBaseAppStructure.app/JWBaseAppStructure</string>
			</dict>
			<key>isa</key>
			<string>XCBuildConfiguration</string>
			<key>name</key>
			<string>Debug</string>
		</dict>
		<key>D4E195531D3613950037BA2D</key>
		<dict>
			<key>buildSettings</key>
			<dict>
				<key>BUNDLE_LOADER</key>
				<string>$(TEST_HOST)</string>
				<key>INFOPLIST_FILE</key>
				<string>JWBaseAppStructureTests/Info.plist</string>
				<key>LD_RUNPATH_SEARCH_PATHS</key>
				<string>$(inherited) @executable_path/Frameworks @loader_path/Frameworks</string>
				<key>PRODUCT_BUNDLE_IDENTIFIER</key>
				<string>Jason.JWBaseAppStructureTests</string>
				<key>PRODUCT_NAME</key>
				<string>$(TARGET_NAME)</string>
				<key>TEST_HOST</key>
				<string>$(BUILT_PRODUCTS_DIR)/JWBaseAppStructure.app/JWBaseAppStructure</string>
			</dict>
			<key>isa</key>
			<string>XCBuildConfiguration</string>
			<key>name</key>
			<string>Release</string>
		</dict>
		<key>D4E195541D3613950037BA2D</key>
		<dict>
			<key>buildConfigurations</key>
			<array>
				<string>D4E195551D3613950037BA2D</string>
				<string>D4E195561D3613950037BA2D</string>
			</array>
			<key>defaultConfigurationIsVisible</key>
			<string>0</string>
			<key>isa</key>
			<string>XCConfigurationList</string>
		</dict>
		<key>D4E195551D3613950037BA2D</key>
		<dict>
			<key>buildSettings</key>
			<dict>
				<key>INFOPLIST_FILE</key>
				<string>JWBaseAppStructureUITests/Info.plist</string>
				<key>LD_RUNPATH_SEARCH_PATHS</key>
				<string>$(inherited) @executable_path/Frameworks @loader_path/Frameworks</string>
				<key>PRODUCT_BUNDLE_IDENTIFIER</key>
				<string>Jason.JWBaseAppStructureUITests</string>
				<key>PRODUCT_NAME</key>
				<string>$(TARGET_NAME)</string>
				<key>TEST_TARGET_NAME</key>
				<string>JWBaseAppStructure</string>
			</dict>
			<key>isa</key>
			<string>XCBuildConfiguration</string>
			<key>name</key>
			<string>Debug</string>
		</dict>
		<key>D4E195561D3613950037BA2D</key>
		<dict>
			<key>buildSettings</key>
			<dict>
				<key>INFOPLIST_FILE</key>
				<string>JWBaseAppStructureUITests/Info.plist</string>
				<key>LD_RUNPATH_SEARCH_PATHS</key>
				<string>$(inherited) @executable_path/Frameworks @loader_path/Frameworks</string>
				<key>PRODUCT_BUNDLE_IDENTIFIER</key>
				<string>Jason.JWBaseAppStructureUITests</string>
				<key>PRODUCT_NAME</key>
				<string>$(TARGET_NAME)</string>
				<key>TEST_TARGET_NAME</key>
				<string>JWBaseAppStructure</string>
			</dict>
			<key>isa</key>
			<string>XCBuildConfiguration</string>
			<key>name</key>
			<string>Release</string>
		</dict>
		<key>D4E195571D36144C0037BA2D</key>
		<dict>
			<key>children</key>
			<array>
				<string>D4E195581D36144C0037BA2D</string>
				<string>D4E195591D36144C0037BA2D</string>
				<string>D4E1955A1D36144C0037BA2D</string>
				<string>D4E1955B1D36144C0037BA2D</string>
				<string>D4E1955C1D36144C0037BA2D</string>
				<string>D4E1955D1D36144C0037BA2D</string>
			</array>
			<key>isa</key>
			<string>PBXGroup</string>
			<key>path</key>
			<string>AppDelegate</string>
			<key>sourceTree</key>
			<string>&lt;group&gt;</string>
		</dict>
		<key>D4E195581D36144C0037BA2D</key>
		<dict>
			<key>fileEncoding</key>
			<string>4</string>
			<key>isa</key>
			<string>PBXFileReference</string>
			<key>lastKnownFileType</key>
			<string>sourcecode.c.h</string>
			<key>path</key>
			<string>AppDelegate.h</string>
			<key>sourceTree</key>
			<string>&lt;group&gt;</string>
		</dict>
		<key>D4E195591D36144C0037BA2D</key>
		<dict>
			<key>fileEncoding</key>
			<string>4</string>
			<key>isa</key>
			<string>PBXFileReference</string>
			<key>lastKnownFileType</key>
			<string>sourcecode.c.objc</string>
			<key>path</key>
			<string>AppDelegate.m</string>
			<key>sourceTree</key>
			<string>&lt;group&gt;</string>
		</dict>
		<key>D4E1955A1D36144C0037BA2D</key>
		<dict>
			<key>fileEncoding</key>
			<string>4</string>
			<key>isa</key>
			<string>PBXFileReference</string>
			<key>lastKnownFileType</key>
			<string>sourcecode.c.h</string>
			<key>path</key>
			<string>ATAppInteractor.h</string>
			<key>sourceTree</key>
			<string>&lt;group&gt;</string>
		</dict>
		<key>D4E1955B1D36144C0037BA2D</key>
		<dict>
			<key>fileEncoding</key>
			<string>4</string>
			<key>isa</key>
			<string>PBXFileReference</string>
			<key>lastKnownFileType</key>
			<string>sourcecode.c.objc</string>
			<key>path</key>
			<string>ATAppInteractor.m</string>
			<key>sourceTree</key>
			<string>&lt;group&gt;</string>
		</dict>
		<key>D4E1955C1D36144C0037BA2D</key>
		<dict>
			<key>fileEncoding</key>
			<string>4</string>
			<key>isa</key>
			<string>PBXFileReference</string>
			<key>lastKnownFileType</key>
			<string>sourcecode.c.h</string>
			<key>path</key>
			<string>ViewController.h</string>
			<key>sourceTree</key>
			<string>&lt;group&gt;</string>
		</dict>
		<key>D4E1955D1D36144C0037BA2D</key>
		<dict>
			<key>fileEncoding</key>
			<string>4</string>
			<key>isa</key>
			<string>PBXFileReference</string>
			<key>lastKnownFileType</key>
			<string>sourcecode.c.objc</string>
			<key>path</key>
			<string>ViewController.m</string>
			<key>sourceTree</key>
			<string>&lt;group&gt;</string>
		</dict>
		<key>D4E1955E1D36144C0037BA2D</key>
		<dict>
			<key>fileRef</key>
			<string>D4E195591D36144C0037BA2D</string>
			<key>isa</key>
			<string>PBXBuildFile</string>
		</dict>
		<key>D4E1955F1D36144C0037BA2D</key>
		<dict>
			<key>fileRef</key>
			<string>D4E1955B1D36144C0037BA2D</string>
			<key>isa</key>
			<string>PBXBuildFile</string>
		</dict>
		<key>D4E195601D36144C0037BA2D</key>
		<dict>
			<key>fileRef</key>
			<string>D4E1955D1D36144C0037BA2D</string>
			<key>isa</key>
			<string>PBXBuildFile</string>
		</dict>
		<key>D4E195611D3614670037BA2D</key>
		<dict>
			<key>children</key>
			<array>
				<string>D4E195621D3614670037BA2D</string>
				<string>D4E195691D3614670037BA2D</string>
			</array>
			<key>isa</key>
			<string>PBXGroup</string>
			<key>path</key>
			<string>Common</string>
			<key>sourceTree</key>
			<string>&lt;group&gt;</string>
		</dict>
		<key>D4E195621D3614670037BA2D</key>
		<dict>
			<key>children</key>
			<array>
				<string>D4E195631D3614670037BA2D</string>
				<string>D4E195641D3614670037BA2D</string>
				<string>D4E195651D3614670037BA2D</string>
				<string>D4E195661D3614670037BA2D</string>
				<string>D4E195671D3614670037BA2D</string>
				<string>D4E195681D3614670037BA2D</string>
			</array>
			<key>isa</key>
			<string>PBXGroup</string>
			<key>path</key>
			<string>AppConfig</string>
			<key>sourceTree</key>
			<string>&lt;group&gt;</string>
		</dict>
		<key>D4E195631D3614670037BA2D</key>
		<dict>
			<key>fileEncoding</key>
			<string>4</string>
			<key>isa</key>
			<string>PBXFileReference</string>
			<key>lastKnownFileType</key>
			<string>sourcecode.c.h</string>
			<key>path</key>
			<string>ATAppConfig.h</string>
			<key>sourceTree</key>
			<string>&lt;group&gt;</string>
		</dict>
		<key>D4E195641D3614670037BA2D</key>
		<dict>
			<key>fileEncoding</key>
			<string>4</string>
			<key>isa</key>
			<string>PBXFileReference</string>
			<key>lastKnownFileType</key>
			<string>sourcecode.c.objc</string>
			<key>path</key>
			<string>ATAppConfig.m</string>
			<key>sourceTree</key>
			<string>&lt;group&gt;</string>
		</dict>
		<key>D4E195651D3614670037BA2D</key>
		<dict>
			<key>fileEncoding</key>
			<string>4</string>
			<key>isa</key>
			<string>PBXFileReference</string>
			<key>lastKnownFileType</key>
			<string>sourcecode.c.h</string>
			<key>path</key>
			<string>ATDeviceMacro.h</string>
			<key>sourceTree</key>
			<string>&lt;group&gt;</string>
		</dict>
		<key>D4E195661D3614670037BA2D</key>
		<dict>
			<key>fileEncoding</key>
			<string>4</string>
			<key>isa</key>
			<string>PBXFileReference</string>
			<key>lastKnownFileType</key>
			<string>sourcecode.c.h</string>
			<key>path</key>
			<string>ATSharedConfig.h</string>
			<key>sourceTree</key>
			<string>&lt;group&gt;</string>
		</dict>
		<key>D4E195671D3614670037BA2D</key>
		<dict>
			<key>fileEncoding</key>
			<string>4</string>
			<key>isa</key>
			<string>PBXFileReference</string>
			<key>lastKnownFileType</key>
			<string>sourcecode.c.h</string>
			<key>path</key>
			<string>ATUIConfig.h</string>
			<key>sourceTree</key>
			<string>&lt;group&gt;</string>
		</dict>
		<key>D4E195681D3614670037BA2D</key>
		<dict>
			<key>fileEncoding</key>
			<string>4</string>
			<key>isa</key>
			<string>PBXFileReference</string>
			<key>lastKnownFileType</key>
			<string>sourcecode.c.h</string>
			<key>path</key>
			<string>ATURLConfig.h</string>
			<key>sourceTree</key>
			<string>&lt;group&gt;</string>
		</dict>
		<key>D4E195691D3614670037BA2D</key>
		<dict>
			<key>children</key>
			<array>
				<string>D4E1956A1D3614670037BA2D</string>
				<string>D4E1956D1D3614670037BA2D</string>
			</array>
			<key>isa</key>
			<string>PBXGroup</string>
			<key>path</key>
			<string>LogicServices</string>
			<key>sourceTree</key>
			<string>&lt;group&gt;</string>
		</dict>
		<key>D4E1956A1D3614670037BA2D</key>
		<dict>
			<key>children</key>
			<array>
				<string>D4E1956B1D3614670037BA2D</string>
				<string>D4E1956C1D3614670037BA2D</string>
			</array>
			<key>isa</key>
			<string>PBXGroup</string>
			<key>path</key>
			<string>DAO</string>
			<key>sourceTree</key>
			<string>&lt;group&gt;</string>
		</dict>
		<key>D4E1956B1D3614670037BA2D</key>
		<dict>
			<key>fileEncoding</key>
			<string>4</string>
			<key>isa</key>
			<string>PBXFileReference</string>
			<key>lastKnownFileType</key>
			<string>sourcecode.c.h</string>
			<key>path</key>
			<string>ATDAOFactory.h</string>
			<key>sourceTree</key>
			<string>&lt;group&gt;</string>
		</dict>
		<key>D4E1956C1D3614670037BA2D</key>
		<dict>
			<key>fileEncoding</key>
			<string>4</string>
			<key>isa</key>
			<string>PBXFileReference</string>
			<key>lastKnownFileType</key>
			<string>sourcecode.c.objc</string>
			<key>path</key>
			<string>ATDAOFactory.m</string>
			<key>sourceTree</key>
			<string>&lt;group&gt;</string>
		</dict>
		<key>D4E1956D1D3614670037BA2D</key>
		<dict>
			<key>children</key>
			<array>
				<string>D4E1956E1D3614670037BA2D</string>
				<string>D4E1956F1D3614670037BA2D</string>
				<string>D4E195701D3614670037BA2D</string>
			</array>
			<key>isa</key>
			<string>PBXGroup</string>
			<key>path</key>
			<string>Service</string>
			<key>sourceTree</key>
			<string>&lt;group&gt;</string>
		</dict>
		<key>D4E1956E1D3614670037BA2D</key>
		<dict>
			<key>fileEncoding</key>
			<string>4</string>
			<key>isa</key>
			<string>PBXFileReference</string>
			<key>lastKnownFileType</key>
			<string>sourcecode.c.h</string>
			<key>path</key>
			<string>ATServiceFactory.h</string>
			<key>sourceTree</key>
			<string>&lt;group&gt;</string>
		</dict>
		<key>D4E1956F1D3614670037BA2D</key>
		<dict>
			<key>fileEncoding</key>
			<string>4</string>
			<key>isa</key>
			<string>PBXFileReference</string>
			<key>lastKnownFileType</key>
			<string>sourcecode.c.objc</string>
			<key>path</key>
			<string>ATServiceFactory.m</string>
			<key>sourceTree</key>
			<string>&lt;group&gt;</string>
		</dict>
		<key>D4E195701D3614670037BA2D</key>
		<dict>
			<key>children</key>
			<array>
				<string>D4E195711D3614670037BA2D</string>
				<string>D4E195721D3614670037BA2D</string>
			</array>
			<key>isa</key>
			<string>PBXGroup</string>
			<key>path</key>
			<string>CurrentUserService</string>
			<key>sourceTree</key>
			<string>&lt;group&gt;</string>
		</dict>
		<key>D4E195711D3614670037BA2D</key>
		<dict>
			<key>fileEncoding</key>
			<string>4</string>
			<key>isa</key>
			<string>PBXFileReference</string>
			<key>lastKnownFileType</key>
			<string>sourcecode.c.h</string>
			<key>path</key>
			<string>ATCurrentUserService.h</string>
			<key>sourceTree</key>
			<string>&lt;group&gt;</string>
		</dict>
		<key>D4E195721D3614670037BA2D</key>
		<dict>
			<key>fileEncoding</key>
			<string>4</string>
			<key>isa</key>
			<string>PBXFileReference</string>
			<key>lastKnownFileType</key>
			<string>sourcecode.c.objc</string>
			<key>path</key>
			<string>ATCurrentUserService.m</string>
			<key>sourceTree</key>
			<string>&lt;group&gt;</string>
		</dict>
		<key>D4E195731D3614670037BA2D</key>
		<dict>
			<key>fileRef</key>
			<string>D4E195641D3614670037BA2D</string>
			<key>isa</key>
			<string>PBXBuildFile</string>
		</dict>
		<key>D4E195741D3614670037BA2D</key>
		<dict>
			<key>fileRef</key>
			<string>D4E1956C1D3614670037BA2D</string>
			<key>isa</key>
			<string>PBXBuildFile</string>
		</dict>
		<key>D4E195751D3614670037BA2D</key>
		<dict>
			<key>fileRef</key>
			<string>D4E1956F1D3614670037BA2D</string>
			<key>isa</key>
			<string>PBXBuildFile</string>
		</dict>
		<key>D4E195761D3614670037BA2D</key>
		<dict>
			<key>fileRef</key>
			<string>D4E195721D3614670037BA2D</string>
			<key>isa</key>
			<string>PBXBuildFile</string>
		</dict>
		<key>D4E195771D36147F0037BA2D</key>
		<dict>
			<key>children</key>
			<array>
				<string>D4E195781D36147F0037BA2D</string>
				<string>D4E195861D36147F0037BA2D</string>
				<string>D4E1958A1D36147F0037BA2D</string>
				<string>D4E1958E1D36147F0037BA2D</string>
			</array>
			<key>isa</key>
			<string>PBXGroup</string>
			<key>path</key>
			<string>Feature</string>
			<key>sourceTree</key>
			<string>&lt;group&gt;</string>
		</dict>
		<key>D4E195781D36147F0037BA2D</key>
		<dict>
			<key>children</key>
			<array>
				<string>D4E195791D36147F0037BA2D</string>
				<string>D4E1957C1D36147F0037BA2D</string>
				<string>D4E1957F1D36147F0037BA2D</string>
			</array>
			<key>isa</key>
			<string>PBXGroup</string>
			<key>path</key>
			<string>BaseClass</string>
			<key>sourceTree</key>
			<string>&lt;group&gt;</string>
		</dict>
		<key>D4E195791D36147F0037BA2D</key>
		<dict>
			<key>children</key>
			<array>
				<string>D4E1957A1D36147F0037BA2D</string>
				<string>D4E1957B1D36147F0037BA2D</string>
			</array>
			<key>isa</key>
			<string>PBXGroup</string>
			<key>path</key>
			<string>Adapter</string>
			<key>sourceTree</key>
			<string>&lt;group&gt;</string>
		</dict>
		<key>D4E1957A1D36147F0037BA2D</key>
		<dict>
			<key>fileEncoding</key>
			<string>4</string>
			<key>isa</key>
			<string>PBXFileReference</string>
			<key>lastKnownFileType</key>
			<string>sourcecode.c.h</string>
			<key>path</key>
			<string>ATTableViewAdapter.h</string>
			<key>sourceTree</key>
			<string>&lt;group&gt;</string>
		</dict>
		<key>D4E1957B1D36147F0037BA2D</key>
		<dict>
			<key>fileEncoding</key>
			<string>4</string>
			<key>isa</key>
			<string>PBXFileReference</string>
			<key>lastKnownFileType</key>
			<string>sourcecode.c.objc</string>
			<key>path</key>
			<string>ATTableViewAdapter.m</string>
			<key>sourceTree</key>
			<string>&lt;group&gt;</string>
		</dict>
		<key>D4E1957C1D36147F0037BA2D</key>
		<dict>
			<key>children</key>
			<array>
				<string>D4E1957D1D36147F0037BA2D</string>
				<string>D4E1957E1D36147F0037BA2D</string>
			</array>
			<key>isa</key>
			<string>PBXGroup</string>
			<key>path</key>
			<string>Interactor</string>
			<key>sourceTree</key>
			<string>&lt;group&gt;</string>
		</dict>
		<key>D4E1957D1D36147F0037BA2D</key>
		<dict>
			<key>fileEncoding</key>
			<string>4</string>
			<key>isa</key>
			<string>PBXFileReference</string>
			<key>lastKnownFileType</key>
			<string>sourcecode.c.h</string>
			<key>path</key>
			<string>ATModuleInteractor.h</string>
			<key>sourceTree</key>
			<string>&lt;group&gt;</string>
		</dict>
		<key>D4E1957E1D36147F0037BA2D</key>
		<dict>
			<key>fileEncoding</key>
			<string>4</string>
			<key>isa</key>
			<string>PBXFileReference</string>
			<key>lastKnownFileType</key>
			<string>sourcecode.c.objc</string>
			<key>path</key>
			<string>ATModuleInteractor.m</string>
			<key>sourceTree</key>
			<string>&lt;group&gt;</string>
		</dict>
		<key>D4E1957F1D36147F0037BA2D</key>
		<dict>
			<key>children</key>
			<array>
				<string>D4E195801D36147F0037BA2D</string>
				<string>D4E195811D36147F0037BA2D</string>
				<string>D4E195821D36147F0037BA2D</string>
				<string>D4E195831D36147F0037BA2D</string>
				<string>D4E195841D36147F0037BA2D</string>
				<string>D4E195851D36147F0037BA2D</string>
			</array>
			<key>isa</key>
			<string>PBXGroup</string>
			<key>path</key>
			<string>ViewController</string>
			<key>sourceTree</key>
			<string>&lt;group&gt;</string>
		</dict>
		<key>D4E195801D36147F0037BA2D</key>
		<dict>
			<key>fileEncoding</key>
			<string>4</string>
			<key>isa</key>
			<string>PBXFileReference</string>
			<key>lastKnownFileType</key>
			<string>sourcecode.c.h</string>
			<key>path</key>
			<string>ATBaseNavigationViewController.h</string>
			<key>sourceTree</key>
			<string>&lt;group&gt;</string>
		</dict>
		<key>D4E195811D36147F0037BA2D</key>
		<dict>
			<key>fileEncoding</key>
			<string>4</string>
			<key>isa</key>
			<string>PBXFileReference</string>
			<key>lastKnownFileType</key>
			<string>sourcecode.c.objc</string>
			<key>path</key>
			<string>ATBaseNavigationViewController.m</string>
			<key>sourceTree</key>
			<string>&lt;group&gt;</string>
		</dict>
		<key>D4E195821D36147F0037BA2D</key>
		<dict>
			<key>fileEncoding</key>
			<string>4</string>
			<key>isa</key>
			<string>PBXFileReference</string>
			<key>lastKnownFileType</key>
			<string>sourcecode.c.h</string>
			<key>path</key>
			<string>ATBaseViewController.h</string>
			<key>sourceTree</key>
			<string>&lt;group&gt;</string>
		</dict>
		<key>D4E195831D36147F0037BA2D</key>
		<dict>
			<key>fileEncoding</key>
			<string>4</string>
			<key>isa</key>
			<string>PBXFileReference</string>
			<key>lastKnownFileType</key>
			<string>sourcecode.c.objc</string>
			<key>path</key>
			<string>ATBaseViewController.m</string>
			<key>sourceTree</key>
			<string>&lt;group&gt;</string>
		</dict>
		<key>D4E195841D36147F0037BA2D</key>
		<dict>
			<key>fileEncoding</key>
			<string>4</string>
			<key>isa</key>
			<string>PBXFileReference</string>
			<key>lastKnownFileType</key>
			<string>sourcecode.c.h</string>
			<key>path</key>
			<string>ATLandscapeNavigationViewController.h</string>
			<key>sourceTree</key>
			<string>&lt;group&gt;</string>
		</dict>
		<key>D4E195851D36147F0037BA2D</key>
		<dict>
			<key>fileEncoding</key>
			<string>4</string>
			<key>isa</key>
			<string>PBXFileReference</string>
			<key>lastKnownFileType</key>
			<string>sourcecode.c.objc</string>
			<key>path</key>
			<string>ATLandscapeNavigationViewController.m</string>
			<key>sourceTree</key>
			<string>&lt;group&gt;</string>
		</dict>
		<key>D4E195861D36147F0037BA2D</key>
		<dict>
			<key>children</key>
			<array>
				<string>D4E195871D36147F0037BA2D</string>
			</array>
			<key>isa</key>
			<string>PBXGroup</string>
			<key>path</key>
			<string>LoginClass</string>
			<key>sourceTree</key>
			<string>&lt;group&gt;</string>
		</dict>
		<key>D4E195871D36147F0037BA2D</key>
		<dict>
			<key>children</key>
			<array>
				<string>D4E195881D36147F0037BA2D</string>
				<string>D4E195891D36147F0037BA2D</string>
			</array>
			<key>isa</key>
			<string>PBXGroup</string>
			<key>path</key>
			<string>ViewController</string>
			<key>sourceTree</key>
			<string>&lt;group&gt;</string>
		</dict>
		<key>D4E195881D36147F0037BA2D</key>
		<dict>
			<key>fileEncoding</key>
			<string>4</string>
			<key>isa</key>
			<string>PBXFileReference</string>
			<key>lastKnownFileType</key>
			<string>sourcecode.c.h</string>
			<key>path</key>
			<string>BSLoginViewController.h</string>
			<key>sourceTree</key>
			<string>&lt;group&gt;</string>
		</dict>
		<key>D4E195891D36147F0037BA2D</key>
		<dict>
			<key>fileEncoding</key>
			<string>4</string>
			<key>isa</key>
			<string>PBXFileReference</string>
			<key>lastKnownFileType</key>
			<string>sourcecode.c.objc</string>
			<key>path</key>
			<string>BSLoginViewController.m</string>
			<key>sourceTree</key>
			<string>&lt;group&gt;</string>
		</dict>
		<key>D4E1958A1D36147F0037BA2D</key>
		<dict>
			<key>children</key>
			<array>
				<string>D4E1958B1D36147F0037BA2D</string>
			</array>
			<key>isa</key>
			<string>PBXGroup</string>
			<key>path</key>
			<string>MainClass</string>
			<key>sourceTree</key>
			<string>&lt;group&gt;</string>
		</dict>
		<key>D4E1958B1D36147F0037BA2D</key>
		<dict>
			<key>children</key>
			<array>
				<string>D4E1958C1D36147F0037BA2D</string>
				<string>D4E1958D1D36147F0037BA2D</string>
			</array>
			<key>isa</key>
			<string>PBXGroup</string>
			<key>path</key>
			<string>ViewController</string>
			<key>sourceTree</key>
			<string>&lt;group&gt;</string>
		</dict>
		<key>D4E1958C1D36147F0037BA2D</key>
		<dict>
			<key>fileEncoding</key>
			<string>4</string>
			<key>isa</key>
			<string>PBXFileReference</string>
			<key>lastKnownFileType</key>
			<string>sourcecode.c.h</string>
			<key>path</key>
			<string>BSMainViewController.h</string>
			<key>sourceTree</key>
			<string>&lt;group&gt;</string>
		</dict>
		<key>D4E1958D1D36147F0037BA2D</key>
		<dict>
			<key>fileEncoding</key>
			<string>4</string>
			<key>isa</key>
			<string>PBXFileReference</string>
			<key>lastKnownFileType</key>
			<string>sourcecode.c.objc</string>
			<key>path</key>
			<string>BSMainViewController.m</string>
			<key>sourceTree</key>
			<string>&lt;group&gt;</string>
		</dict>
		<key>D4E1958E1D36147F0037BA2D</key>
		<dict>
			<key>children</key>
			<array>
				<string>D4E1958F1D36147F0037BA2D</string>
				<string>D4E195901D36147F0037BA2D</string>
				<string>D4E195911D36147F0037BA2D</string>
				<string>D4E195921D36147F0037BA2D</string>
				<string>D4E195931D36147F0037BA2D</string>
				<string>D4E195941D36147F0037BA2D</string>
				<string>D4E195951D36147F0037BA2D</string>
				<string>D4E195961D36147F0037BA2D</string>
				<string>D4E195971D36147F0037BA2D</string>
				<string>D4E195981D36147F0037BA2D</string>
			</array>
			<key>isa</key>
			<string>PBXGroup</string>
			<key>path</key>
			<string>TestClass</string>
			<key>sourceTree</key>
			<string>&lt;group&gt;</string>
		</dict>
		<key>D4E1958F1D36147F0037BA2D</key>
		<dict>
			<key>fileEncoding</key>
			<string>4</string>
			<key>isa</key>
			<string>PBXFileReference</string>
			<key>lastKnownFileType</key>
			<string>sourcecode.c.h</string>
			<key>path</key>
			<string>ATTableView.h</string>
			<key>sourceTree</key>
			<string>&lt;group&gt;</string>
		</dict>
		<key>D4E195901D36147F0037BA2D</key>
		<dict>
			<key>fileEncoding</key>
			<string>4</string>
			<key>isa</key>
			<string>PBXFileReference</string>
			<key>lastKnownFileType</key>
			<string>sourcecode.c.objc</string>
			<key>path</key>
			<string>ATTableView.m</string>
			<key>sourceTree</key>
			<string>&lt;group&gt;</string>
		</dict>
		<key>D4E195911D36147F0037BA2D</key>
		<dict>
			<key>fileEncoding</key>
			<string>4</string>
			<key>isa</key>
			<string>PBXFileReference</string>
			<key>lastKnownFileType</key>
			<string>sourcecode.c.h</string>
			<key>path</key>
			<string>ATTestAdapter.h</string>
			<key>sourceTree</key>
			<string>&lt;group&gt;</string>
		</dict>
		<key>D4E195921D36147F0037BA2D</key>
		<dict>
			<key>fileEncoding</key>
			<string>4</string>
			<key>isa</key>
			<string>PBXFileReference</string>
			<key>lastKnownFileType</key>
			<string>sourcecode.c.objc</string>
			<key>path</key>
			<string>ATTestAdapter.m</string>
			<key>sourceTree</key>
			<string>&lt;group&gt;</string>
		</dict>
		<key>D4E195931D36147F0037BA2D</key>
		<dict>
			<key>fileEncoding</key>
			<string>4</string>
			<key>isa</key>
			<string>PBXFileReference</string>
			<key>lastKnownFileType</key>
			<string>sourcecode.c.h</string>
			<key>path</key>
			<string>ATTestModel.h</string>
			<key>sourceTree</key>
			<string>&lt;group&gt;</string>
		</dict>
		<key>D4E195941D36147F0037BA2D</key>
		<dict>
			<key>fileEncoding</key>
			<string>4</string>
			<key>isa</key>
			<string>PBXFileReference</string>
			<key>lastKnownFileType</key>
			<string>sourcecode.c.objc</string>
			<key>path</key>
			<string>ATTestModel.m</string>
			<key>sourceTree</key>
			<string>&lt;group&gt;</string>
		</dict>
		<key>D4E195951D36147F0037BA2D</key>
		<dict>
			<key>fileEncoding</key>
			<string>4</string>
			<key>isa</key>
			<string>PBXFileReference</string>
			<key>lastKnownFileType</key>
			<string>sourcecode.c.h</string>
			<key>path</key>
			<string>ATTestSecondView.h</string>
			<key>sourceTree</key>
			<string>&lt;group&gt;</string>
		</dict>
		<key>D4E195961D36147F0037BA2D</key>
		<dict>
			<key>fileEncoding</key>
			<string>4</string>
			<key>isa</key>
			<string>PBXFileReference</string>
			<key>lastKnownFileType</key>
			<string>sourcecode.c.objc</string>
			<key>path</key>
			<string>ATTestSecondView.m</string>
			<key>sourceTree</key>
			<string>&lt;group&gt;</string>
		</dict>
		<key>D4E195971D36147F0037BA2D</key>
		<dict>
			<key>fileEncoding</key>
			<string>4</string>
			<key>isa</key>
			<string>PBXFileReference</string>
			<key>lastKnownFileType</key>
			<string>sourcecode.c.h</string>
			<key>path</key>
			<string>ATTestViewController.h</string>
			<key>sourceTree</key>
			<string>&lt;group&gt;</string>
		</dict>
		<key>D4E195981D36147F0037BA2D</key>
		<dict>
			<key>fileEncoding</key>
			<string>4</string>
			<key>isa</key>
			<string>PBXFileReference</string>
			<key>lastKnownFileType</key>
			<string>sourcecode.c.objc</string>
			<key>path</key>
			<string>ATTestViewController.m</string>
			<key>sourceTree</key>
			<string>&lt;group&gt;</string>
		</dict>
		<key>D4E195991D36147F0037BA2D</key>
		<dict>
			<key>fileRef</key>
			<string>D4E1957B1D36147F0037BA2D</string>
			<key>isa</key>
			<string>PBXBuildFile</string>
		</dict>
		<key>D4E1959A1D36147F0037BA2D</key>
		<dict>
			<key>fileRef</key>
			<string>D4E1957E1D36147F0037BA2D</string>
			<key>isa</key>
			<string>PBXBuildFile</string>
		</dict>
		<key>D4E1959B1D36147F0037BA2D</key>
		<dict>
			<key>fileRef</key>
			<string>D4E195811D36147F0037BA2D</string>
			<key>isa</key>
			<string>PBXBuildFile</string>
		</dict>
		<key>D4E1959C1D36147F0037BA2D</key>
		<dict>
			<key>fileRef</key>
			<string>D4E195831D36147F0037BA2D</string>
			<key>isa</key>
			<string>PBXBuildFile</string>
		</dict>
		<key>D4E1959D1D36147F0037BA2D</key>
		<dict>
			<key>fileRef</key>
			<string>D4E195851D36147F0037BA2D</string>
			<key>isa</key>
			<string>PBXBuildFile</string>
		</dict>
		<key>D4E1959E1D36147F0037BA2D</key>
		<dict>
			<key>fileRef</key>
			<string>D4E195891D36147F0037BA2D</string>
			<key>isa</key>
			<string>PBXBuildFile</string>
		</dict>
		<key>D4E1959F1D36147F0037BA2D</key>
		<dict>
			<key>fileRef</key>
			<string>D4E1958D1D36147F0037BA2D</string>
			<key>isa</key>
			<string>PBXBuildFile</string>
		</dict>
		<key>D4E195A01D36147F0037BA2D</key>
		<dict>
			<key>fileRef</key>
			<string>D4E195901D36147F0037BA2D</string>
			<key>isa</key>
			<string>PBXBuildFile</string>
		</dict>
		<key>D4E195A11D36147F0037BA2D</key>
		<dict>
			<key>fileRef</key>
			<string>D4E195921D36147F0037BA2D</string>
			<key>isa</key>
			<string>PBXBuildFile</string>
		</dict>
		<key>D4E195A21D36147F0037BA2D</key>
		<dict>
			<key>fileRef</key>
			<string>D4E195941D36147F0037BA2D</string>
			<key>isa</key>
			<string>PBXBuildFile</string>
		</dict>
		<key>D4E195A31D36147F0037BA2D</key>
		<dict>
			<key>fileRef</key>
			<string>D4E195961D36147F0037BA2D</string>
			<key>isa</key>
			<string>PBXBuildFile</string>
		</dict>
		<key>D4E195A41D36147F0037BA2D</key>
		<dict>
			<key>fileRef</key>
			<string>D4E195981D36147F0037BA2D</string>
			<key>isa</key>
			<string>PBXBuildFile</string>
		</dict>
		<key>D4E195A51D3614860037BA2D</key>
		<dict>
			<key>children</key>
			<array>
				<string>D4E195A61D3614860037BA2D</string>
				<string>D4E195B11D3614860037BA2D</string>
				<string>D4E195B51D3614860037BA2D</string>
			</array>
			<key>isa</key>
			<string>PBXGroup</string>
			<key>path</key>
			<string>Legacy</string>
			<key>sourceTree</key>
			<string>&lt;group&gt;</string>
		</dict>
		<key>D4E195A61D3614860037BA2D</key>
		<dict>
			<key>children</key>
			<array>
				<string>D4E195A71D3614860037BA2D</string>
				<string>D4E195A81D3614860037BA2D</string>
				<string>D4E195A91D3614860037BA2D</string>
				<string>D4E195AA1D3614860037BA2D</string>
				<string>D4E195AB1D3614860037BA2D</string>
				<string>D4E195AC1D3614860037BA2D</string>
				<string>D4E195AD1D3614860037BA2D</string>
				<string>D4E195AE1D3614860037BA2D</string>
				<string>D4E195AF1D3614860037BA2D</string>
				<string>D4E195B01D3614860037BA2D</string>
			</array>
			<key>isa</key>
			<string>PBXGroup</string>
			<key>path</key>
			<string>Category</string>
			<key>sourceTree</key>
			<string>&lt;group&gt;</string>
		</dict>
		<key>D4E195A71D3614860037BA2D</key>
		<dict>
			<key>fileEncoding</key>
			<string>4</string>
			<key>isa</key>
			<string>PBXFileReference</string>
			<key>lastKnownFileType</key>
			<string>sourcecode.c.h</string>
			<key>path</key>
			<string>UIColor+Hex.h</string>
			<key>sourceTree</key>
			<string>&lt;group&gt;</string>
		</dict>
		<key>D4E195A81D3614860037BA2D</key>
		<dict>
			<key>fileEncoding</key>
			<string>4</string>
			<key>isa</key>
			<string>PBXFileReference</string>
			<key>lastKnownFileType</key>
			<string>sourcecode.c.objc</string>
			<key>path</key>
			<string>UIColor+Hex.m</string>
			<key>sourceTree</key>
			<string>&lt;group&gt;</string>
		</dict>
		<key>D4E195A91D3614860037BA2D</key>
		<dict>
			<key>fileEncoding</key>
			<string>4</string>
			<key>isa</key>
			<string>PBXFileReference</string>
			<key>lastKnownFileType</key>
			<string>sourcecode.c.h</string>
			<key>path</key>
			<string>UIFont+EX.h</string>
			<key>sourceTree</key>
			<string>&lt;group&gt;</string>
		</dict>
		<key>D4E195AA1D3614860037BA2D</key>
		<dict>
			<key>fileEncoding</key>
			<string>4</string>
			<key>isa</key>
			<string>PBXFileReference</string>
			<key>lastKnownFileType</key>
			<string>sourcecode.c.objc</string>
			<key>path</key>
			<string>UIFont+EX.m</string>
			<key>sourceTree</key>
			<string>&lt;group&gt;</string>
		</dict>
		<key>D4E195AB1D3614860037BA2D</key>
		<dict>
			<key>fileEncoding</key>
			<string>4</string>
			<key>isa</key>
			<string>PBXFileReference</string>
			<key>lastKnownFileType</key>
			<string>sourcecode.c.h</string>
			<key>path</key>
			<string>UIImage+EX.h</string>
			<key>sourceTree</key>
			<string>&lt;group&gt;</string>
		</dict>
		<key>D4E195AC1D3614860037BA2D</key>
		<dict>
			<key>fileEncoding</key>
			<string>4</string>
			<key>isa</key>
			<string>PBXFileReference</string>
			<key>lastKnownFileType</key>
			<string>sourcecode.c.objc</string>
			<key>path</key>
			<string>UIImage+EX.m</string>
			<key>sourceTree</key>
			<string>&lt;group&gt;</string>
		</dict>
		<key>D4E195AD1D3614860037BA2D</key>
		<dict>
			<key>fileEncoding</key>
			<string>4</string>
			<key>isa</key>
			<string>PBXFileReference</string>
			<key>lastKnownFileType</key>
			<string>sourcecode.c.h</string>
			<key>path</key>
			<string>UIViewController+Loading.h</string>
			<key>sourceTree</key>
			<string>&lt;group&gt;</string>
		</dict>
		<key>D4E195AE1D3614860037BA2D</key>
		<dict>
			<key>fileEncoding</key>
			<string>4</string>
			<key>isa</key>
			<string>PBXFileReference</string>
			<key>lastKnownFileType</key>
			<string>sourcecode.c.objc</string>
			<key>path</key>
			<string>UIViewController+Loading.m</string>
			<key>sourceTree</key>
			<string>&lt;group&gt;</string>
		</dict>
		<key>D4E195AF1D3614860037BA2D</key>
		<dict>
			<key>fileEncoding</key>
			<string>4</string>
			<key>isa</key>
			<string>PBXFileReference</string>
			<key>lastKnownFileType</key>
			<string>sourcecode.c.h</string>
			<key>path</key>
			<string>UIViewController+ModalPresent.h</string>
			<key>sourceTree</key>
			<string>&lt;group&gt;</string>
		</dict>
		<key>D4E195B01D3614860037BA2D</key>
		<dict>
			<key>fileEncoding</key>
			<string>4</string>
			<key>isa</key>
			<string>PBXFileReference</string>
			<key>lastKnownFileType</key>
			<string>sourcecode.c.objc</string>
			<key>path</key>
			<string>UIViewController+ModalPresent.m</string>
			<key>sourceTree</key>
			<string>&lt;group&gt;</string>
		</dict>
		<key>D4E195B11D3614860037BA2D</key>
		<dict>
			<key>children</key>
			<array>
				<string>D4E195B21D3614860037BA2D</string>
			</array>
			<key>isa</key>
			<string>PBXGroup</string>
			<key>path</key>
			<string>Networking</string>
			<key>sourceTree</key>
			<string>&lt;group&gt;</string>
		</dict>
		<key>D4E195B21D3614860037BA2D</key>
		<dict>
			<key>children</key>
			<array>
				<string>D4E195B31D3614860037BA2D</string>
				<string>D4E195B41D3614860037BA2D</string>
			</array>
			<key>isa</key>
			<string>PBXGroup</string>
			<key>path</key>
			<string>HTTPBaseRequest</string>
			<key>sourceTree</key>
			<string>&lt;group&gt;</string>
		</dict>
		<key>D4E195B31D3614860037BA2D</key>
		<dict>
			<key>fileEncoding</key>
			<string>4</string>
			<key>isa</key>
			<string>PBXFileReference</string>
			<key>lastKnownFileType</key>
			<string>sourcecode.c.h</string>
			<key>path</key>
			<string>ATHTTPBaseRequest.h</string>
			<key>sourceTree</key>
			<string>&lt;group&gt;</string>
		</dict>
		<key>D4E195B41D3614860037BA2D</key>
		<dict>
			<key>fileEncoding</key>
			<string>4</string>
			<key>isa</key>
			<string>PBXFileReference</string>
			<key>lastKnownFileType</key>
			<string>sourcecode.c.objc</string>
			<key>path</key>
			<string>ATHTTPBaseRequest.m</string>
			<key>sourceTree</key>
			<string>&lt;group&gt;</string>
		</dict>
		<key>D4E195B51D3614860037BA2D</key>
		<dict>
			<key>children</key>
			<array>
				<string>D4E195B61D3614860037BA2D</string>
				<string>D4E195B71D3614860037BA2D</string>
				<string>D4E195B81D3614860037BA2D</string>
				<string>D4E195B91D3614860037BA2D</string>
				<string>D4E195BA1D3614860037BA2D</string>
				<string>D4E195BB1D3614860037BA2D</string>
			</array>
			<key>isa</key>
			<string>PBXGroup</string>
			<key>path</key>
			<string>Utility</string>
			<key>sourceTree</key>
			<string>&lt;group&gt;</string>
		</dict>
		<key>D4E195B61D3614860037BA2D</key>
		<dict>
			<key>fileEncoding</key>
			<string>4</string>
			<key>isa</key>
			<string>PBXFileReference</string>
			<key>lastKnownFileType</key>
			<string>sourcecode.c.h</string>
			<key>path</key>
			<string>ATAPNUtility.h</string>
			<key>sourceTree</key>
			<string>&lt;group&gt;</string>
		</dict>
		<key>D4E195B71D3614860037BA2D</key>
		<dict>
			<key>fileEncoding</key>
			<string>4</string>
			<key>isa</key>
			<string>PBXFileReference</string>
			<key>lastKnownFileType</key>
			<string>sourcecode.c.objc</string>
			<key>path</key>
			<string>ATAPNUtility.m</string>
			<key>sourceTree</key>
			<string>&lt;group&gt;</string>
		</dict>
		<key>D4E195B81D3614860037BA2D</key>
		<dict>
			<key>fileEncoding</key>
			<string>4</string>
			<key>isa</key>
			<string>PBXFileReference</string>
			<key>lastKnownFileType</key>
			<string>sourcecode.c.h</string>
			<key>path</key>
			<string>ATLog.h</string>
			<key>sourceTree</key>
			<string>&lt;group&gt;</string>
		</dict>
		<key>D4E195B91D3614860037BA2D</key>
		<dict>
			<key>fileEncoding</key>
			<string>4</string>
			<key>isa</key>
			<string>PBXFileReference</string>
			<key>lastKnownFileType</key>
			<string>sourcecode.c.objc</string>
			<key>path</key>
			<string>ATLog.m</string>
			<key>sourceTree</key>
			<string>&lt;group&gt;</string>
		</dict>
		<key>D4E195BA1D3614860037BA2D</key>
		<dict>
			<key>fileEncoding</key>
			<string>4</string>
			<key>isa</key>
			<string>PBXFileReference</string>
			<key>lastKnownFileType</key>
			<string>sourcecode.c.h</string>
			<key>path</key>
			<string>TTLoadingView.h</string>
			<key>sourceTree</key>
			<string>&lt;group&gt;</string>
		</dict>
		<key>D4E195BB1D3614860037BA2D</key>
		<dict>
			<key>fileEncoding</key>
			<string>4</string>
			<key>isa</key>
			<string>PBXFileReference</string>
			<key>lastKnownFileType</key>
			<string>sourcecode.c.objc</string>
			<key>path</key>
			<string>TTLoadingView.m</string>
			<key>sourceTree</key>
			<string>&lt;group&gt;</string>
		</dict>
		<key>D4E195BC1D3614860037BA2D</key>
		<dict>
			<key>fileRef</key>
			<string>D4E195A81D3614860037BA2D</string>
			<key>isa</key>
			<string>PBXBuildFile</string>
		</dict>
		<key>D4E195BD1D3614860037BA2D</key>
		<dict>
			<key>fileRef</key>
			<string>D4E195AA1D3614860037BA2D</string>
			<key>isa</key>
			<string>PBXBuildFile</string>
		</dict>
		<key>D4E195BE1D3614860037BA2D</key>
		<dict>
			<key>fileRef</key>
			<string>D4E195AC1D3614860037BA2D</string>
			<key>isa</key>
			<string>PBXBuildFile</string>
		</dict>
		<key>D4E195BF1D3614860037BA2D</key>
		<dict>
			<key>fileRef</key>
			<string>D4E195AE1D3614860037BA2D</string>
			<key>isa</key>
			<string>PBXBuildFile</string>
		</dict>
		<key>D4E195C01D3614860037BA2D</key>
		<dict>
			<key>fileRef</key>
			<string>D4E195B01D3614860037BA2D</string>
			<key>isa</key>
			<string>PBXBuildFile</string>
		</dict>
		<key>D4E195C11D3614860037BA2D</key>
		<dict>
			<key>fileRef</key>
			<string>D4E195B41D3614860037BA2D</string>
			<key>isa</key>
			<string>PBXBuildFile</string>
		</dict>
		<key>D4E195C21D3614860037BA2D</key>
		<dict>
			<key>fileRef</key>
			<string>D4E195B71D3614860037BA2D</string>
			<key>isa</key>
			<string>PBXBuildFile</string>
		</dict>
		<key>D4E195C31D3614860037BA2D</key>
		<dict>
			<key>fileRef</key>
			<string>D4E195B91D3614860037BA2D</string>
			<key>isa</key>
			<string>PBXBuildFile</string>
		</dict>
		<key>D4E195C41D3614860037BA2D</key>
		<dict>
			<key>fileRef</key>
			<string>D4E195BB1D3614860037BA2D</string>
			<key>isa</key>
			<string>PBXBuildFile</string>
		</dict>
		<key>D9F50C71B8B1A720BBC21797</key>
		<dict>
			<key>buildActionMask</key>
			<string>2147483647</string>
			<key>files</key>
			<array/>
			<key>inputPaths</key>
			<array/>
			<key>isa</key>
			<string>PBXShellScriptBuildPhase</string>
			<key>name</key>
			<string>Copy Pods Resources</string>
			<key>outputPaths</key>
			<array/>
			<key>runOnlyForDeploymentPostprocessing</key>
			<string>0</string>
			<key>shellPath</key>
			<string>/bin/sh</string>
			<key>shellScript</key>
			<string>"${SRCROOT}/Pods/Target Support Files/Pods-JWBaseAppStructure/Pods-JWBaseAppStructure-resources.sh"
</string>
			<key>showEnvVarsInLog</key>
			<string>0</string>
		</dict>
		<key>EEC8C35E241BF206E48B7508</key>
		<dict>
			<key>includeInIndex</key>
			<string>1</string>
			<key>isa</key>
			<string>PBXFileReference</string>
			<key>lastKnownFileType</key>
			<string>text.xcconfig</string>
			<key>name</key>
			<string>Pods-JWBaseAppStructure.release.xcconfig</string>
			<key>path</key>
			<string>Pods/Target Support Files/Pods-JWBaseAppStructure/Pods-JWBaseAppStructure.release.xcconfig</string>
			<key>sourceTree</key>
			<string>&lt;group&gt;</string>
		</dict>
	</dict>
	<key>rootObject</key>
	<string>D4E195191D3613950037BA2D</string>
</dict>
</plist>
